// !$*UTF8*$!
{
	archiveVersion = 1;
	classes = {
	};
	objectVersion = 46;
	objects = {

/* Begin PBXBuildFile section */
		1418FB641AD1C6BF00EFA727 /* ViewQueueListScreen.m in Sources */ = {isa = PBXBuildFile; fileRef = 1418FB631AD1C6BF00EFA727 /* ViewQueueListScreen.m */; };
		1418FB671AD1C87300EFA727 /* ViewQueueScreen.m in Sources */ = {isa = PBXBuildFile; fileRef = 1418FB661AD1C87300EFA727 /* ViewQueueScreen.m */; };
		1418FB6A1AD1CABB00EFA727 /* ModeratorLoginScreen.m in Sources */ = {isa = PBXBuildFile; fileRef = 1418FB691AD1CABB00EFA727 /* ModeratorLoginScreen.m */; };
		1418FB6D1AD1CDE000EFA727 /* ViewBoardListScreen.m in Sources */ = {isa = PBXBuildFile; fileRef = 1418FB6C1AD1CDE000EFA727 /* ViewBoardListScreen.m */; };
		14287B001AC483D3007FC7B1 /* Post.m in Sources */ = {isa = PBXBuildFile; fileRef = 14287AFF1AC483D3007FC7B1 /* Post.m */; };
		144FB0781AC878A4004008E0 /* Images-2.xcassets in Resources */ = {isa = PBXBuildFile; fileRef = 144FB0771AC878A4004008E0 /* Images-2.xcassets */; };
		1463FBAA1AC7ACA40029E340 /* CoreBluetooth.framework in Frameworks */ = {isa = PBXBuildFile; fileRef = 1463FBA91AC7ACA40029E340 /* CoreBluetooth.framework */; };
		146F13F71AC5C4D8008C2626 /* AWSDynamoDB.framework in Frameworks */ = {isa = PBXBuildFile; fileRef = 146F13F61AC5C4D8008C2626 /* AWSDynamoDB.framework */; };
		146F13F91AC5C568008C2626 /* AWSCore.framework in Frameworks */ = {isa = PBXBuildFile; fileRef = 146F13F81AC5C568008C2626 /* AWSCore.framework */; };
		146F14041AC5C58C008C2626 /* AWSAutoScaling.framework in Frameworks */ = {isa = PBXBuildFile; fileRef = 146F13FA1AC5C58C008C2626 /* AWSAutoScaling.framework */; };
		146F14051AC5C58C008C2626 /* AWSCloudWatch.framework in Frameworks */ = {isa = PBXBuildFile; fileRef = 146F13FB1AC5C58C008C2626 /* AWSCloudWatch.framework */; };
		146F14061AC5C58C008C2626 /* AWSEC2.framework in Frameworks */ = {isa = PBXBuildFile; fileRef = 146F13FC1AC5C58C008C2626 /* AWSEC2.framework */; };
		146F14071AC5C58C008C2626 /* AWSElasticLoadBalancing.framework in Frameworks */ = {isa = PBXBuildFile; fileRef = 146F13FD1AC5C58C008C2626 /* AWSElasticLoadBalancing.framework */; };
		146F14081AC5C58C008C2626 /* AWSKinesis.framework in Frameworks */ = {isa = PBXBuildFile; fileRef = 146F13FE1AC5C58C008C2626 /* AWSKinesis.framework */; };
		146F14091AC5C58C008C2626 /* AWSS3.framework in Frameworks */ = {isa = PBXBuildFile; fileRef = 146F13FF1AC5C58C008C2626 /* AWSS3.framework */; };
		146F140A1AC5C58C008C2626 /* AWSSES.framework in Frameworks */ = {isa = PBXBuildFile; fileRef = 146F14001AC5C58C008C2626 /* AWSSES.framework */; };
		146F140B1AC5C58C008C2626 /* AWSSimpleDB.framework in Frameworks */ = {isa = PBXBuildFile; fileRef = 146F14011AC5C58C008C2626 /* AWSSimpleDB.framework */; };
		146F140C1AC5C58C008C2626 /* AWSSNS.framework in Frameworks */ = {isa = PBXBuildFile; fileRef = 146F14021AC5C58C008C2626 /* AWSSNS.framework */; };
		146F140D1AC5C58C008C2626 /* AWSSQS.framework in Frameworks */ = {isa = PBXBuildFile; fileRef = 146F14031AC5C58C008C2626 /* AWSSQS.framework */; };
		146F14161AC5C5CC008C2626 /* Bolts.framework in Frameworks */ = {isa = PBXBuildFile; fileRef = 146F140E1AC5C5CC008C2626 /* Bolts.framework */; };
		146F14171AC5C5CC008C2626 /* FMDB.framework in Frameworks */ = {isa = PBXBuildFile; fileRef = 146F140F1AC5C5CC008C2626 /* FMDB.framework */; };
		146F141A1AC5C5CC008C2626 /* Reachability.framework in Frameworks */ = {isa = PBXBuildFile; fileRef = 146F14121AC5C5CC008C2626 /* Reachability.framework */; };
		146F141B1AC5C5CC008C2626 /* TMCache.framework in Frameworks */ = {isa = PBXBuildFile; fileRef = 146F14131AC5C5CC008C2626 /* TMCache.framework */; };
		146F141C1AC5C5CC008C2626 /* UICKeyChainStore.framework in Frameworks */ = {isa = PBXBuildFile; fileRef = 146F14141AC5C5CC008C2626 /* UICKeyChainStore.framework */; };
		146F141D1AC5C5CC008C2626 /* XMLDictionary.framework in Frameworks */ = {isa = PBXBuildFile; fileRef = 146F14151AC5C5CC008C2626 /* XMLDictionary.framework */; };
		146F141F1AC5C7BD008C2626 /* AWSCognito.framework in Frameworks */ = {isa = PBXBuildFile; fileRef = 146F141E1AC5C7BD008C2626 /* AWSCognito.framework */; };
		146F14221AC5CEB1008C2626 /* Mantle.framework in Frameworks */ = {isa = PBXBuildFile; fileRef = 146F14111AC5C5CC008C2626 /* Mantle.framework */; };
		146F14231AC5CEDB008C2626 /* GZIP.framework in Frameworks */ = {isa = PBXBuildFile; fileRef = 146F14201AC5CE86008C2626 /* GZIP.framework */; };
		14A6AF5C1ACF1F6900EB4486 /* LaunchScreen.xib in Resources */ = {isa = PBXBuildFile; fileRef = 14A6AF5A1ACF1F6900EB4486 /* LaunchScreen.xib */; };
		14A6AF5D1ACF1F6900EB4486 /* Main.storyboard in Resources */ = {isa = PBXBuildFile; fileRef = 14A6AF5B1ACF1F6900EB4486 /* Main.storyboard */; };
		14A6AF621ACF241300EB4486 /* HomeScreen.m in Sources */ = {isa = PBXBuildFile; fileRef = 14A6AF601ACF241300EB4486 /* HomeScreen.m */; };
		14A6AF661ACF26AB00EB4486 /* PostScreen.m in Sources */ = {isa = PBXBuildFile; fileRef = 14A6AF651ACF26AB00EB4486 /* PostScreen.m */; };
		14A6AF691ACF291100EB4486 /* ViewPostListScreen.m in Sources */ = {isa = PBXBuildFile; fileRef = 14A6AF681ACF291100EB4486 /* ViewPostListScreen.m */; };
		14A6AF6C1ACF295200EB4486 /* ViewPostScreen.m in Sources */ = {isa = PBXBuildFile; fileRef = 14A6AF6B1ACF295200EB4486 /* ViewPostScreen.m */; };
		14A6AF6F1ACF299800EB4486 /* SavedPostsListScreen.m in Sources */ = {isa = PBXBuildFile; fileRef = 14A6AF6E1ACF299800EB4486 /* SavedPostsListScreen.m */; };
		14A6AF721ACF29C900EB4486 /* SavedBoardsListScreen.m in Sources */ = {isa = PBXBuildFile; fileRef = 14A6AF711ACF29C900EB4486 /* SavedBoardsListScreen.m */; };
		14A6AF751ACF2A3800EB4486 /* SearchScreen.m in Sources */ = {isa = PBXBuildFile; fileRef = 14A6AF741ACF2A3800EB4486 /* SearchScreen.m */; };
		14A6AF781ACF2DD200EB4486 /* Board.m in Sources */ = {isa = PBXBuildFile; fileRef = 14A6AF771ACF2DD200EB4486 /* Board.m */; };
		14B60AA51AC38A2C0081D55A /* main.m in Sources */ = {isa = PBXBuildFile; fileRef = 14B60AA41AC38A2C0081D55A /* main.m */; };
		14B60AA81AC38A2C0081D55A /* AppDelegate.m in Sources */ = {isa = PBXBuildFile; fileRef = 14B60AA71AC38A2C0081D55A /* AppDelegate.m */; };
		14B60AAB1AC38A2C0081D55A /* RootViewController.m in Sources */ = {isa = PBXBuildFile; fileRef = 14B60AAA1AC38A2C0081D55A /* RootViewController.m */; };
		14B60AAE1AC38A2C0081D55A /* DataViewController.m in Sources */ = {isa = PBXBuildFile; fileRef = 14B60AAD1AC38A2C0081D55A /* DataViewController.m */; };
		14B60AB11AC38A2C0081D55A /* ModelController.m in Sources */ = {isa = PBXBuildFile; fileRef = 14B60AB01AC38A2C0081D55A /* ModelController.m */; };
		14B60AC51AC38A2C0081D55A /* Bluetooth_BillboardTests.m in Sources */ = {isa = PBXBuildFile; fileRef = 14B60AC41AC38A2C0081D55A /* Bluetooth_BillboardTests.m */; };
		14C079311AC7345700D32B76 /* autoscaling-2011-01-01.json in Resources */ = {isa = PBXBuildFile; fileRef = 14C079221AC7345700D32B76 /* autoscaling-2011-01-01.json */; };
		14C079321AC7345700D32B76 /* cognito-identity-2014-06-30.json in Resources */ = {isa = PBXBuildFile; fileRef = 14C079231AC7345700D32B76 /* cognito-identity-2014-06-30.json */; };
		14C079331AC7345700D32B76 /* css-2014-06-30.json in Resources */ = {isa = PBXBuildFile; fileRef = 14C079241AC7345700D32B76 /* css-2014-06-30.json */; };
		14C079341AC7345700D32B76 /* dynamodb-2012-08-10.json in Resources */ = {isa = PBXBuildFile; fileRef = 14C079251AC7345700D32B76 /* dynamodb-2012-08-10.json */; };
		14C079351AC7345700D32B76 /* ec2-2014-09-01.json in Resources */ = {isa = PBXBuildFile; fileRef = 14C079261AC7345700D32B76 /* ec2-2014-09-01.json */; };
		14C079361AC7345700D32B76 /* elasticloadbalancing-2012-06-01.json in Resources */ = {isa = PBXBuildFile; fileRef = 14C079271AC7345700D32B76 /* elasticloadbalancing-2012-06-01.json */; };
		14C079371AC7345700D32B76 /* email-2010-12-01.json in Resources */ = {isa = PBXBuildFile; fileRef = 14C079281AC7345700D32B76 /* email-2010-12-01.json */; };
		14C079381AC7345700D32B76 /* kinesis-2013-12-02.json in Resources */ = {isa = PBXBuildFile; fileRef = 14C079291AC7345700D32B76 /* kinesis-2013-12-02.json */; };
		14C079391AC7345700D32B76 /* mobileanalytics-2014-06-30.json in Resources */ = {isa = PBXBuildFile; fileRef = 14C0792A1AC7345700D32B76 /* mobileanalytics-2014-06-30.json */; };
		14C0793A1AC7345700D32B76 /* monitoring-2010-08-01.json in Resources */ = {isa = PBXBuildFile; fileRef = 14C0792B1AC7345700D32B76 /* monitoring-2010-08-01.json */; };
		14C0793B1AC7345700D32B76 /* s3-2006-03-01.json in Resources */ = {isa = PBXBuildFile; fileRef = 14C0792C1AC7345700D32B76 /* s3-2006-03-01.json */; };
		14C0793C1AC7345700D32B76 /* sdb-2009-04-15.json in Resources */ = {isa = PBXBuildFile; fileRef = 14C0792D1AC7345700D32B76 /* sdb-2009-04-15.json */; };
		14C0793D1AC7345700D32B76 /* sns-2010-03-31.json in Resources */ = {isa = PBXBuildFile; fileRef = 14C0792E1AC7345700D32B76 /* sns-2010-03-31.json */; };
		14C0793E1AC7345700D32B76 /* sqs-2012-11-05.json in Resources */ = {isa = PBXBuildFile; fileRef = 14C0792F1AC7345700D32B76 /* sqs-2012-11-05.json */; };
		14C0793F1AC7345700D32B76 /* sts-2011-06-15.json in Resources */ = {isa = PBXBuildFile; fileRef = 14C079301AC7345700D32B76 /* sts-2011-06-15.json */; };
		14E379C91AD07A4800929A6F /* PreviewPostScreen.m in Sources */ = {isa = PBXBuildFile; fileRef = 14E379C81AD07A4800929A6F /* PreviewPostScreen.m */; };
/* End PBXBuildFile section */

/* Begin PBXContainerItemProxy section */
		14B60ABF1AC38A2C0081D55A /* PBXContainerItemProxy */ = {
			isa = PBXContainerItemProxy;
			containerPortal = 14B60A971AC38A2C0081D55A /* Project object */;
			proxyType = 1;
			remoteGlobalIDString = 14B60A9E1AC38A2C0081D55A;
			remoteInfo = "Bluetooth Billboard";
		};
/* End PBXContainerItemProxy section */

/* Begin PBXFileReference section */
		1418FB621AD1C6BF00EFA727 /* ViewQueueListScreen.h */ = {isa = PBXFileReference; fileEncoding = 4; lastKnownFileType = sourcecode.c.h; path = ViewQueueListScreen.h; sourceTree = "<group>"; };
		1418FB631AD1C6BF00EFA727 /* ViewQueueListScreen.m */ = {isa = PBXFileReference; fileEncoding = 4; lastKnownFileType = sourcecode.c.objc; path = ViewQueueListScreen.m; sourceTree = "<group>"; };
		1418FB651AD1C87300EFA727 /* ViewQueueScreen.h */ = {isa = PBXFileReference; fileEncoding = 4; lastKnownFileType = sourcecode.c.h; path = ViewQueueScreen.h; sourceTree = "<group>"; };
		1418FB661AD1C87300EFA727 /* ViewQueueScreen.m */ = {isa = PBXFileReference; fileEncoding = 4; lastKnownFileType = sourcecode.c.objc; path = ViewQueueScreen.m; sourceTree = "<group>"; };
		1418FB681AD1CABB00EFA727 /* ModeratorLoginScreen.h */ = {isa = PBXFileReference; fileEncoding = 4; lastKnownFileType = sourcecode.c.h; path = ModeratorLoginScreen.h; sourceTree = "<group>"; };
		1418FB691AD1CABB00EFA727 /* ModeratorLoginScreen.m */ = {isa = PBXFileReference; fileEncoding = 4; lastKnownFileType = sourcecode.c.objc; path = ModeratorLoginScreen.m; sourceTree = "<group>"; };
		1418FB6B1AD1CDE000EFA727 /* ViewBoardListScreen.h */ = {isa = PBXFileReference; fileEncoding = 4; lastKnownFileType = sourcecode.c.h; path = ViewBoardListScreen.h; sourceTree = "<group>"; };
		1418FB6C1AD1CDE000EFA727 /* ViewBoardListScreen.m */ = {isa = PBXFileReference; fileEncoding = 4; lastKnownFileType = sourcecode.c.objc; path = ViewBoardListScreen.m; sourceTree = "<group>"; };
		14287AFE1AC47E65007FC7B1 /* Post.h */ = {isa = PBXFileReference; lastKnownFileType = sourcecode.c.h; path = Post.h; sourceTree = "<group>"; xcLanguageSpecificationIdentifier = xcode.lang.objc; };
		14287AFF1AC483D3007FC7B1 /* Post.m */ = {isa = PBXFileReference; fileEncoding = 4; lastKnownFileType = sourcecode.c.objc; path = Post.m; sourceTree = "<group>"; };
		144FB0771AC878A4004008E0 /* Images-2.xcassets */ = {isa = PBXFileReference; lastKnownFileType = folder.assetcatalog; path = "Images-2.xcassets"; sourceTree = "<group>"; };
		1463FBA71AC7A45B0029E340 /* CoreLocation.framework */ = {isa = PBXFileReference; lastKnownFileType = wrapper.framework; name = CoreLocation.framework; path = System/Library/Frameworks/CoreLocation.framework; sourceTree = SDKROOT; };
		1463FBA91AC7ACA40029E340 /* CoreBluetooth.framework */ = {isa = PBXFileReference; lastKnownFileType = wrapper.framework; name = CoreBluetooth.framework; path = System/Library/Frameworks/CoreBluetooth.framework; sourceTree = SDKROOT; };
		146F13F61AC5C4D8008C2626 /* AWSDynamoDB.framework */ = {isa = PBXFileReference; lastKnownFileType = wrapper.framework; name = AWSDynamoDB.framework; path = "../../Downloads/aws-ios-sdk-2.1.0/frameworks/AWSDynamoDB.framework"; sourceTree = "<group>"; };
		146F13F81AC5C568008C2626 /* AWSCore.framework */ = {isa = PBXFileReference; lastKnownFileType = wrapper.framework; name = AWSCore.framework; path = "../../Downloads/aws-ios-sdk-2.1.0/frameworks/AWSCore.framework"; sourceTree = "<group>"; };
		146F13FA1AC5C58C008C2626 /* AWSAutoScaling.framework */ = {isa = PBXFileReference; lastKnownFileType = wrapper.framework; name = AWSAutoScaling.framework; path = "../../Downloads/aws-ios-sdk-2.1.0/frameworks/AWSAutoScaling.framework"; sourceTree = "<group>"; };
		146F13FB1AC5C58C008C2626 /* AWSCloudWatch.framework */ = {isa = PBXFileReference; lastKnownFileType = wrapper.framework; name = AWSCloudWatch.framework; path = "../../Downloads/aws-ios-sdk-2.1.0/frameworks/AWSCloudWatch.framework"; sourceTree = "<group>"; };
		146F13FC1AC5C58C008C2626 /* AWSEC2.framework */ = {isa = PBXFileReference; lastKnownFileType = wrapper.framework; name = AWSEC2.framework; path = "../../Downloads/aws-ios-sdk-2.1.0/frameworks/AWSEC2.framework"; sourceTree = "<group>"; };
		146F13FD1AC5C58C008C2626 /* AWSElasticLoadBalancing.framework */ = {isa = PBXFileReference; lastKnownFileType = wrapper.framework; name = AWSElasticLoadBalancing.framework; path = "../../Downloads/aws-ios-sdk-2.1.0/frameworks/AWSElasticLoadBalancing.framework"; sourceTree = "<group>"; };
		146F13FE1AC5C58C008C2626 /* AWSKinesis.framework */ = {isa = PBXFileReference; lastKnownFileType = wrapper.framework; name = AWSKinesis.framework; path = "../../Downloads/aws-ios-sdk-2.1.0/frameworks/AWSKinesis.framework"; sourceTree = "<group>"; };
		146F13FF1AC5C58C008C2626 /* AWSS3.framework */ = {isa = PBXFileReference; lastKnownFileType = wrapper.framework; name = AWSS3.framework; path = "../../Downloads/aws-ios-sdk-2.1.0/frameworks/AWSS3.framework"; sourceTree = "<group>"; };
		146F14001AC5C58C008C2626 /* AWSSES.framework */ = {isa = PBXFileReference; lastKnownFileType = wrapper.framework; name = AWSSES.framework; path = "../../Downloads/aws-ios-sdk-2.1.0/frameworks/AWSSES.framework"; sourceTree = "<group>"; };
		146F14011AC5C58C008C2626 /* AWSSimpleDB.framework */ = {isa = PBXFileReference; lastKnownFileType = wrapper.framework; name = AWSSimpleDB.framework; path = "../../Downloads/aws-ios-sdk-2.1.0/frameworks/AWSSimpleDB.framework"; sourceTree = "<group>"; };
		146F14021AC5C58C008C2626 /* AWSSNS.framework */ = {isa = PBXFileReference; lastKnownFileType = wrapper.framework; name = AWSSNS.framework; path = "../../Downloads/aws-ios-sdk-2.1.0/frameworks/AWSSNS.framework"; sourceTree = "<group>"; };
		146F14031AC5C58C008C2626 /* AWSSQS.framework */ = {isa = PBXFileReference; lastKnownFileType = wrapper.framework; name = AWSSQS.framework; path = "../../Downloads/aws-ios-sdk-2.1.0/frameworks/AWSSQS.framework"; sourceTree = "<group>"; };
		146F140E1AC5C5CC008C2626 /* Bolts.framework */ = {isa = PBXFileReference; lastKnownFileType = wrapper.framework; name = Bolts.framework; path = "../../Downloads/aws-ios-sdk-2.1.0/third-party/Bolts.framework"; sourceTree = "<group>"; };
		146F140F1AC5C5CC008C2626 /* FMDB.framework */ = {isa = PBXFileReference; lastKnownFileType = wrapper.framework; name = FMDB.framework; path = "../../Downloads/aws-ios-sdk-2.1.0/third-party/FMDB.framework"; sourceTree = "<group>"; };
		146F14111AC5C5CC008C2626 /* Mantle.framework */ = {isa = PBXFileReference; lastKnownFileType = wrapper.framework; name = Mantle.framework; path = "../../Downloads/aws-ios-sdk-2.1.0/third-party/Mantle.framework"; sourceTree = "<group>"; };
		146F14121AC5C5CC008C2626 /* Reachability.framework */ = {isa = PBXFileReference; lastKnownFileType = wrapper.framework; name = Reachability.framework; path = "../../Downloads/aws-ios-sdk-2.1.0/third-party/Reachability.framework"; sourceTree = "<group>"; };
		146F14131AC5C5CC008C2626 /* TMCache.framework */ = {isa = PBXFileReference; lastKnownFileType = wrapper.framework; name = TMCache.framework; path = "../../Downloads/aws-ios-sdk-2.1.0/third-party/TMCache.framework"; sourceTree = "<group>"; };
		146F14141AC5C5CC008C2626 /* UICKeyChainStore.framework */ = {isa = PBXFileReference; lastKnownFileType = wrapper.framework; name = UICKeyChainStore.framework; path = "../../Downloads/aws-ios-sdk-2.1.0/third-party/UICKeyChainStore.framework"; sourceTree = "<group>"; };
		146F14151AC5C5CC008C2626 /* XMLDictionary.framework */ = {isa = PBXFileReference; lastKnownFileType = wrapper.framework; name = XMLDictionary.framework; path = "../../Downloads/aws-ios-sdk-2.1.0/third-party/XMLDictionary.framework"; sourceTree = "<group>"; };
		146F141E1AC5C7BD008C2626 /* AWSCognito.framework */ = {isa = PBXFileReference; lastKnownFileType = wrapper.framework; name = AWSCognito.framework; path = "../../Downloads/aws-ios-sdk-2.1.0/frameworks/extras/AWSCognito.framework"; sourceTree = "<group>"; };
		146F14201AC5CE86008C2626 /* GZIP.framework */ = {isa = PBXFileReference; lastKnownFileType = wrapper.framework; name = GZIP.framework; path = "../../Downloads/aws-ios-sdk-2.1.0/third-party/GZIP.framework"; sourceTree = "<group>"; };
		14A6AF5A1ACF1F6900EB4486 /* LaunchScreen.xib */ = {isa = PBXFileReference; fileEncoding = 4; lastKnownFileType = file.xib; path = LaunchScreen.xib; sourceTree = "<group>"; };
		14A6AF5B1ACF1F6900EB4486 /* Main.storyboard */ = {isa = PBXFileReference; fileEncoding = 4; lastKnownFileType = file.storyboard; path = Main.storyboard; sourceTree = "<group>"; };
		14A6AF5F1ACF241300EB4486 /* HomeScreen.h */ = {isa = PBXFileReference; fileEncoding = 4; lastKnownFileType = sourcecode.c.h; path = HomeScreen.h; sourceTree = "<group>"; };
		14A6AF601ACF241300EB4486 /* HomeScreen.m */ = {isa = PBXFileReference; fileEncoding = 4; lastKnownFileType = sourcecode.c.objc; path = HomeScreen.m; sourceTree = "<group>"; };
		14A6AF641ACF26AB00EB4486 /* PostScreen.h */ = {isa = PBXFileReference; fileEncoding = 4; lastKnownFileType = sourcecode.c.h; path = PostScreen.h; sourceTree = "<group>"; };
		14A6AF651ACF26AB00EB4486 /* PostScreen.m */ = {isa = PBXFileReference; fileEncoding = 4; lastKnownFileType = sourcecode.c.objc; path = PostScreen.m; sourceTree = "<group>"; };
		14A6AF671ACF291100EB4486 /* ViewPostListScreen.h */ = {isa = PBXFileReference; fileEncoding = 4; lastKnownFileType = sourcecode.c.h; path = ViewPostListScreen.h; sourceTree = "<group>"; };
		14A6AF681ACF291100EB4486 /* ViewPostListScreen.m */ = {isa = PBXFileReference; fileEncoding = 4; lastKnownFileType = sourcecode.c.objc; path = ViewPostListScreen.m; sourceTree = "<group>"; };
		14A6AF6A1ACF295200EB4486 /* ViewPostScreen.h */ = {isa = PBXFileReference; fileEncoding = 4; lastKnownFileType = sourcecode.c.h; path = ViewPostScreen.h; sourceTree = "<group>"; };
		14A6AF6B1ACF295200EB4486 /* ViewPostScreen.m */ = {isa = PBXFileReference; fileEncoding = 4; lastKnownFileType = sourcecode.c.objc; path = ViewPostScreen.m; sourceTree = "<group>"; };
		14A6AF6D1ACF299800EB4486 /* SavedPostsListScreen.h */ = {isa = PBXFileReference; fileEncoding = 4; lastKnownFileType = sourcecode.c.h; path = SavedPostsListScreen.h; sourceTree = "<group>"; };
		14A6AF6E1ACF299800EB4486 /* SavedPostsListScreen.m */ = {isa = PBXFileReference; fileEncoding = 4; lastKnownFileType = sourcecode.c.objc; path = SavedPostsListScreen.m; sourceTree = "<group>"; };
		14A6AF701ACF29C900EB4486 /* SavedBoardsListScreen.h */ = {isa = PBXFileReference; fileEncoding = 4; lastKnownFileType = sourcecode.c.h; path = SavedBoardsListScreen.h; sourceTree = "<group>"; };
		14A6AF711ACF29C900EB4486 /* SavedBoardsListScreen.m */ = {isa = PBXFileReference; fileEncoding = 4; lastKnownFileType = sourcecode.c.objc; path = SavedBoardsListScreen.m; sourceTree = "<group>"; };
		14A6AF731ACF2A3800EB4486 /* SearchScreen.h */ = {isa = PBXFileReference; fileEncoding = 4; lastKnownFileType = sourcecode.c.h; path = SearchScreen.h; sourceTree = "<group>"; };
		14A6AF741ACF2A3800EB4486 /* SearchScreen.m */ = {isa = PBXFileReference; fileEncoding = 4; lastKnownFileType = sourcecode.c.objc; path = SearchScreen.m; sourceTree = "<group>"; };
		14A6AF761ACF2DD200EB4486 /* Board.h */ = {isa = PBXFileReference; fileEncoding = 4; lastKnownFileType = sourcecode.c.h; path = Board.h; sourceTree = "<group>"; };
		14A6AF771ACF2DD200EB4486 /* Board.m */ = {isa = PBXFileReference; fileEncoding = 4; lastKnownFileType = sourcecode.c.objc; path = Board.m; sourceTree = "<group>"; };
		14B60A9F1AC38A2C0081D55A /* Bluetooth Billboard.app */ = {isa = PBXFileReference; explicitFileType = wrapper.application; includeInIndex = 0; path = "Bluetooth Billboard.app"; sourceTree = BUILT_PRODUCTS_DIR; };
		14B60AA31AC38A2C0081D55A /* Info.plist */ = {isa = PBXFileReference; lastKnownFileType = text.plist.xml; path = Info.plist; sourceTree = "<group>"; };
		14B60AA41AC38A2C0081D55A /* main.m */ = {isa = PBXFileReference; lastKnownFileType = sourcecode.c.objc; path = main.m; sourceTree = "<group>"; };
		14B60AA61AC38A2C0081D55A /* AppDelegate.h */ = {isa = PBXFileReference; lastKnownFileType = sourcecode.c.h; path = AppDelegate.h; sourceTree = "<group>"; };
		14B60AA71AC38A2C0081D55A /* AppDelegate.m */ = {isa = PBXFileReference; lastKnownFileType = sourcecode.c.objc; path = AppDelegate.m; sourceTree = "<group>"; };
		14B60AA91AC38A2C0081D55A /* RootViewController.h */ = {isa = PBXFileReference; lastKnownFileType = sourcecode.c.h; path = RootViewController.h; sourceTree = "<group>"; };
		14B60AAA1AC38A2C0081D55A /* RootViewController.m */ = {isa = PBXFileReference; lastKnownFileType = sourcecode.c.objc; path = RootViewController.m; sourceTree = "<group>"; };
		14B60AAC1AC38A2C0081D55A /* DataViewController.h */ = {isa = PBXFileReference; lastKnownFileType = sourcecode.c.h; path = DataViewController.h; sourceTree = "<group>"; };
		14B60AAD1AC38A2C0081D55A /* DataViewController.m */ = {isa = PBXFileReference; lastKnownFileType = sourcecode.c.objc; path = DataViewController.m; sourceTree = "<group>"; };
		14B60AAF1AC38A2C0081D55A /* ModelController.h */ = {isa = PBXFileReference; lastKnownFileType = sourcecode.c.h; path = ModelController.h; sourceTree = "<group>"; };
		14B60AB01AC38A2C0081D55A /* ModelController.m */ = {isa = PBXFileReference; lastKnownFileType = sourcecode.c.objc; path = ModelController.m; sourceTree = "<group>"; };
		14B60ABE1AC38A2C0081D55A /* Bluetooth BillboardTests.xctest */ = {isa = PBXFileReference; explicitFileType = wrapper.cfbundle; includeInIndex = 0; path = "Bluetooth BillboardTests.xctest"; sourceTree = BUILT_PRODUCTS_DIR; };
		14B60AC31AC38A2C0081D55A /* Info.plist */ = {isa = PBXFileReference; lastKnownFileType = text.plist.xml; path = Info.plist; sourceTree = "<group>"; };
		14B60AC41AC38A2C0081D55A /* Bluetooth_BillboardTests.m */ = {isa = PBXFileReference; lastKnownFileType = sourcecode.c.objc; path = Bluetooth_BillboardTests.m; sourceTree = "<group>"; };
		14C079221AC7345700D32B76 /* autoscaling-2011-01-01.json */ = {isa = PBXFileReference; fileEncoding = 4; lastKnownFileType = text.json; path = "autoscaling-2011-01-01.json"; sourceTree = "<group>"; };
		14C079231AC7345700D32B76 /* cognito-identity-2014-06-30.json */ = {isa = PBXFileReference; fileEncoding = 4; lastKnownFileType = text.json; path = "cognito-identity-2014-06-30.json"; sourceTree = "<group>"; };
		14C079241AC7345700D32B76 /* css-2014-06-30.json */ = {isa = PBXFileReference; fileEncoding = 4; lastKnownFileType = text.json; path = "css-2014-06-30.json"; sourceTree = "<group>"; };
		14C079251AC7345700D32B76 /* dynamodb-2012-08-10.json */ = {isa = PBXFileReference; fileEncoding = 4; lastKnownFileType = text.json; path = "dynamodb-2012-08-10.json"; sourceTree = "<group>"; };
		14C079261AC7345700D32B76 /* ec2-2014-09-01.json */ = {isa = PBXFileReference; fileEncoding = 4; lastKnownFileType = text.json; path = "ec2-2014-09-01.json"; sourceTree = "<group>"; };
		14C079271AC7345700D32B76 /* elasticloadbalancing-2012-06-01.json */ = {isa = PBXFileReference; fileEncoding = 4; lastKnownFileType = text.json; path = "elasticloadbalancing-2012-06-01.json"; sourceTree = "<group>"; };
		14C079281AC7345700D32B76 /* email-2010-12-01.json */ = {isa = PBXFileReference; fileEncoding = 4; lastKnownFileType = text.json; path = "email-2010-12-01.json"; sourceTree = "<group>"; };
		14C079291AC7345700D32B76 /* kinesis-2013-12-02.json */ = {isa = PBXFileReference; fileEncoding = 4; lastKnownFileType = text.json; path = "kinesis-2013-12-02.json"; sourceTree = "<group>"; };
		14C0792A1AC7345700D32B76 /* mobileanalytics-2014-06-30.json */ = {isa = PBXFileReference; fileEncoding = 4; lastKnownFileType = text.json; path = "mobileanalytics-2014-06-30.json"; sourceTree = "<group>"; };
		14C0792B1AC7345700D32B76 /* monitoring-2010-08-01.json */ = {isa = PBXFileReference; fileEncoding = 4; lastKnownFileType = text.json; path = "monitoring-2010-08-01.json"; sourceTree = "<group>"; };
		14C0792C1AC7345700D32B76 /* s3-2006-03-01.json */ = {isa = PBXFileReference; fileEncoding = 4; lastKnownFileType = text.json; path = "s3-2006-03-01.json"; sourceTree = "<group>"; };
		14C0792D1AC7345700D32B76 /* sdb-2009-04-15.json */ = {isa = PBXFileReference; fileEncoding = 4; lastKnownFileType = text.json; path = "sdb-2009-04-15.json"; sourceTree = "<group>"; };
		14C0792E1AC7345700D32B76 /* sns-2010-03-31.json */ = {isa = PBXFileReference; fileEncoding = 4; lastKnownFileType = text.json; path = "sns-2010-03-31.json"; sourceTree = "<group>"; };
		14C0792F1AC7345700D32B76 /* sqs-2012-11-05.json */ = {isa = PBXFileReference; fileEncoding = 4; lastKnownFileType = text.json; path = "sqs-2012-11-05.json"; sourceTree = "<group>"; };
		14C079301AC7345700D32B76 /* sts-2011-06-15.json */ = {isa = PBXFileReference; fileEncoding = 4; lastKnownFileType = text.json; path = "sts-2011-06-15.json"; sourceTree = "<group>"; };
		14E379C71AD07A4800929A6F /* PreviewPostScreen.h */ = {isa = PBXFileReference; fileEncoding = 4; lastKnownFileType = sourcecode.c.h; path = PreviewPostScreen.h; sourceTree = "<group>"; };
		14E379C81AD07A4800929A6F /* PreviewPostScreen.m */ = {isa = PBXFileReference; fileEncoding = 4; lastKnownFileType = sourcecode.c.objc; path = PreviewPostScreen.m; sourceTree = "<group>"; };
/* End PBXFileReference section */

/* Begin PBXFrameworksBuildPhase section */
		14B60A9C1AC38A2C0081D55A /* Frameworks */ = {
			isa = PBXFrameworksBuildPhase;
			buildActionMask = 2147483647;
			files = (
				1463FBAA1AC7ACA40029E340 /* CoreBluetooth.framework in Frameworks */,
				146F14161AC5C5CC008C2626 /* Bolts.framework in Frameworks */,
				146F14171AC5C5CC008C2626 /* FMDB.framework in Frameworks */,
				146F14221AC5CEB1008C2626 /* Mantle.framework in Frameworks */,
				146F141A1AC5C5CC008C2626 /* Reachability.framework in Frameworks */,
				146F141B1AC5C5CC008C2626 /* TMCache.framework in Frameworks */,
				146F141C1AC5C5CC008C2626 /* UICKeyChainStore.framework in Frameworks */,
				146F141D1AC5C5CC008C2626 /* XMLDictionary.framework in Frameworks */,
				146F141F1AC5C7BD008C2626 /* AWSCognito.framework in Frameworks */,
				146F14041AC5C58C008C2626 /* AWSAutoScaling.framework in Frameworks */,
				146F14051AC5C58C008C2626 /* AWSCloudWatch.framework in Frameworks */,
				146F14061AC5C58C008C2626 /* AWSEC2.framework in Frameworks */,
				146F14071AC5C58C008C2626 /* AWSElasticLoadBalancing.framework in Frameworks */,
				146F14081AC5C58C008C2626 /* AWSKinesis.framework in Frameworks */,
				146F14091AC5C58C008C2626 /* AWSS3.framework in Frameworks */,
				146F14231AC5CEDB008C2626 /* GZIP.framework in Frameworks */,
				146F140A1AC5C58C008C2626 /* AWSSES.framework in Frameworks */,
				146F140B1AC5C58C008C2626 /* AWSSimpleDB.framework in Frameworks */,
				146F140C1AC5C58C008C2626 /* AWSSNS.framework in Frameworks */,
				146F140D1AC5C58C008C2626 /* AWSSQS.framework in Frameworks */,
				146F13F91AC5C568008C2626 /* AWSCore.framework in Frameworks */,
				146F13F71AC5C4D8008C2626 /* AWSDynamoDB.framework in Frameworks */,
			);
			runOnlyForDeploymentPostprocessing = 0;
		};
		14B60ABB1AC38A2C0081D55A /* Frameworks */ = {
			isa = PBXFrameworksBuildPhase;
			buildActionMask = 2147483647;
			files = (
			);
			runOnlyForDeploymentPostprocessing = 0;
		};
/* End PBXFrameworksBuildPhase section */

/* Begin PBXGroup section */
		14B60A961AC38A2C0081D55A = {
			isa = PBXGroup;
			children = (
				1463FBA91AC7ACA40029E340 /* CoreBluetooth.framework */,
				1463FBA71AC7A45B0029E340 /* CoreLocation.framework */,
				146F14201AC5CE86008C2626 /* GZIP.framework */,
				146F141E1AC5C7BD008C2626 /* AWSCognito.framework */,
				146F140E1AC5C5CC008C2626 /* Bolts.framework */,
				146F140F1AC5C5CC008C2626 /* FMDB.framework */,
				146F14111AC5C5CC008C2626 /* Mantle.framework */,
				146F14121AC5C5CC008C2626 /* Reachability.framework */,
				146F14131AC5C5CC008C2626 /* TMCache.framework */,
				146F14141AC5C5CC008C2626 /* UICKeyChainStore.framework */,
				146F14151AC5C5CC008C2626 /* XMLDictionary.framework */,
				146F13FA1AC5C58C008C2626 /* AWSAutoScaling.framework */,
				146F13FB1AC5C58C008C2626 /* AWSCloudWatch.framework */,
				146F13FC1AC5C58C008C2626 /* AWSEC2.framework */,
				146F13FD1AC5C58C008C2626 /* AWSElasticLoadBalancing.framework */,
				146F13FE1AC5C58C008C2626 /* AWSKinesis.framework */,
				146F13FF1AC5C58C008C2626 /* AWSS3.framework */,
				146F14001AC5C58C008C2626 /* AWSSES.framework */,
				146F14011AC5C58C008C2626 /* AWSSimpleDB.framework */,
				146F14021AC5C58C008C2626 /* AWSSNS.framework */,
				146F14031AC5C58C008C2626 /* AWSSQS.framework */,
				146F13F81AC5C568008C2626 /* AWSCore.framework */,
				146F13F61AC5C4D8008C2626 /* AWSDynamoDB.framework */,
				14B60AA11AC38A2C0081D55A /* Bluetooth Billboard */,
				14B60AC11AC38A2C0081D55A /* Bluetooth BillboardTests */,
				14B60AA01AC38A2C0081D55A /* Products */,
			);
			sourceTree = "<group>";
		};
		14B60AA01AC38A2C0081D55A /* Products */ = {
			isa = PBXGroup;
			children = (
				14B60A9F1AC38A2C0081D55A /* Bluetooth Billboard.app */,
				14B60ABE1AC38A2C0081D55A /* Bluetooth BillboardTests.xctest */,
			);
			name = Products;
			sourceTree = "<group>";
		};
		14B60AA11AC38A2C0081D55A /* Bluetooth Billboard */ = {
			isa = PBXGroup;
			children = (
				14C079221AC7345700D32B76 /* autoscaling-2011-01-01.json */,
				14C079231AC7345700D32B76 /* cognito-identity-2014-06-30.json */,
				14C079241AC7345700D32B76 /* css-2014-06-30.json */,
				14C079251AC7345700D32B76 /* dynamodb-2012-08-10.json */,
				14C079261AC7345700D32B76 /* ec2-2014-09-01.json */,
				14C079271AC7345700D32B76 /* elasticloadbalancing-2012-06-01.json */,
				14C079281AC7345700D32B76 /* email-2010-12-01.json */,
				14C079291AC7345700D32B76 /* kinesis-2013-12-02.json */,
				14C0792A1AC7345700D32B76 /* mobileanalytics-2014-06-30.json */,
				14C0792B1AC7345700D32B76 /* monitoring-2010-08-01.json */,
				14C0792C1AC7345700D32B76 /* s3-2006-03-01.json */,
				14C0792D1AC7345700D32B76 /* sdb-2009-04-15.json */,
				14C0792E1AC7345700D32B76 /* sns-2010-03-31.json */,
				14C0792F1AC7345700D32B76 /* sqs-2012-11-05.json */,
				14C079301AC7345700D32B76 /* sts-2011-06-15.json */,
				14B60AA61AC38A2C0081D55A /* AppDelegate.h */,
				14B60AA71AC38A2C0081D55A /* AppDelegate.m */,
				14B60AA91AC38A2C0081D55A /* RootViewController.h */,
				14B60AAA1AC38A2C0081D55A /* RootViewController.m */,
				14B60AAC1AC38A2C0081D55A /* DataViewController.h */,
				14B60AAD1AC38A2C0081D55A /* DataViewController.m */,
				14B60AAF1AC38A2C0081D55A /* ModelController.h */,
				14B60AB01AC38A2C0081D55A /* ModelController.m */,
				14A6AF5A1ACF1F6900EB4486 /* LaunchScreen.xib */,
				14A6AF5B1ACF1F6900EB4486 /* Main.storyboard */,
				1418FB6B1AD1CDE000EFA727 /* ViewBoardListScreen.h */,
				1418FB6C1AD1CDE000EFA727 /* ViewBoardListScreen.m */,
				1418FB681AD1CABB00EFA727 /* ModeratorLoginScreen.h */,
				1418FB691AD1CABB00EFA727 /* ModeratorLoginScreen.m */,
				1418FB651AD1C87300EFA727 /* ViewQueueScreen.h */,
				1418FB661AD1C87300EFA727 /* ViewQueueScreen.m */,
				1418FB621AD1C6BF00EFA727 /* ViewQueueListScreen.h */,
				1418FB631AD1C6BF00EFA727 /* ViewQueueListScreen.m */,
				14E379C71AD07A4800929A6F /* PreviewPostScreen.h */,
				14E379C81AD07A4800929A6F /* PreviewPostScreen.m */,
				14A6AF731ACF2A3800EB4486 /* SearchScreen.h */,
				14A6AF741ACF2A3800EB4486 /* SearchScreen.m */,
				14A6AF701ACF29C900EB4486 /* SavedBoardsListScreen.h */,
				14A6AF711ACF29C900EB4486 /* SavedBoardsListScreen.m */,
				14A6AF6D1ACF299800EB4486 /* SavedPostsListScreen.h */,
				14A6AF6E1ACF299800EB4486 /* SavedPostsListScreen.m */,
				14A6AF6A1ACF295200EB4486 /* ViewPostScreen.h */,
				14A6AF6B1ACF295200EB4486 /* ViewPostScreen.m */,
				14A6AF671ACF291100EB4486 /* ViewPostListScreen.h */,
				14A6AF681ACF291100EB4486 /* ViewPostListScreen.m */,
				14A6AF641ACF26AB00EB4486 /* PostScreen.h */,
				14A6AF651ACF26AB00EB4486 /* PostScreen.m */,
				14A6AF5F1ACF241300EB4486 /* HomeScreen.h */,
				14A6AF601ACF241300EB4486 /* HomeScreen.m */,
				144FB0771AC878A4004008E0 /* Images-2.xcassets */,
				14B60AA21AC38A2C0081D55A /* Supporting Files */,
				14A6AF761ACF2DD200EB4486 /* Board.h */,
				14A6AF771ACF2DD200EB4486 /* Board.m */,
				14287AFE1AC47E65007FC7B1 /* Post.h */,
				14287AFF1AC483D3007FC7B1 /* Post.m */,
			);
			path = "Bluetooth Billboard";
			sourceTree = "<group>";
		};
		14B60AA21AC38A2C0081D55A /* Supporting Files */ = {
			isa = PBXGroup;
			children = (
				14B60AA31AC38A2C0081D55A /* Info.plist */,
				14B60AA41AC38A2C0081D55A /* main.m */,
			);
			name = "Supporting Files";
			sourceTree = "<group>";
		};
		14B60AC11AC38A2C0081D55A /* Bluetooth BillboardTests */ = {
			isa = PBXGroup;
			children = (
				14B60AC41AC38A2C0081D55A /* Bluetooth_BillboardTests.m */,
				14B60AC21AC38A2C0081D55A /* Supporting Files */,
			);
			path = "Bluetooth BillboardTests";
			sourceTree = "<group>";
		};
		14B60AC21AC38A2C0081D55A /* Supporting Files */ = {
			isa = PBXGroup;
			children = (
				14B60AC31AC38A2C0081D55A /* Info.plist */,
			);
			name = "Supporting Files";
			sourceTree = "<group>";
		};
/* End PBXGroup section */

/* Begin PBXNativeTarget section */
		14B60A9E1AC38A2C0081D55A /* Bluetooth Billboard */ = {
			isa = PBXNativeTarget;
			buildConfigurationList = 14B60AC81AC38A2C0081D55A /* Build configuration list for PBXNativeTarget "Bluetooth Billboard" */;
			buildPhases = (
				14B60A9B1AC38A2C0081D55A /* Sources */,
				14B60A9C1AC38A2C0081D55A /* Frameworks */,
				14B60A9D1AC38A2C0081D55A /* Resources */,
			);
			buildRules = (
			);
			dependencies = (
			);
			name = "Bluetooth Billboard";
			productName = "Bluetooth Billboard";
			productReference = 14B60A9F1AC38A2C0081D55A /* Bluetooth Billboard.app */;
			productType = "com.apple.product-type.application";
		};
		14B60ABD1AC38A2C0081D55A /* Bluetooth BillboardTests */ = {
			isa = PBXNativeTarget;
			buildConfigurationList = 14B60ACB1AC38A2C0081D55A /* Build configuration list for PBXNativeTarget "Bluetooth BillboardTests" */;
			buildPhases = (
				14B60ABA1AC38A2C0081D55A /* Sources */,
				14B60ABB1AC38A2C0081D55A /* Frameworks */,
				14B60ABC1AC38A2C0081D55A /* Resources */,
			);
			buildRules = (
			);
			dependencies = (
				14B60AC01AC38A2C0081D55A /* PBXTargetDependency */,
			);
			name = "Bluetooth BillboardTests";
			productName = "Bluetooth BillboardTests";
			productReference = 14B60ABE1AC38A2C0081D55A /* Bluetooth BillboardTests.xctest */;
			productType = "com.apple.product-type.bundle.unit-test";
		};
/* End PBXNativeTarget section */

/* Begin PBXProject section */
		14B60A971AC38A2C0081D55A /* Project object */ = {
			isa = PBXProject;
			attributes = {
				LastUpgradeCheck = 0620;
				ORGANIZATIONNAME = "Sargon Partners";
				TargetAttributes = {
					14B60A9E1AC38A2C0081D55A = {
						CreatedOnToolsVersion = 6.2;
					};
					14B60ABD1AC38A2C0081D55A = {
						CreatedOnToolsVersion = 6.2;
						TestTargetID = 14B60A9E1AC38A2C0081D55A;
					};
				};
			};
			buildConfigurationList = 14B60A9A1AC38A2C0081D55A /* Build configuration list for PBXProject "Bluetooth Billboard" */;
			compatibilityVersion = "Xcode 3.2";
			developmentRegion = English;
			hasScannedForEncodings = 0;
			knownRegions = (
				en,
				Base,
			);
			mainGroup = 14B60A961AC38A2C0081D55A;
			productRefGroup = 14B60AA01AC38A2C0081D55A /* Products */;
			projectDirPath = "";
			projectRoot = "";
			targets = (
				14B60A9E1AC38A2C0081D55A /* Bluetooth Billboard */,
				14B60ABD1AC38A2C0081D55A /* Bluetooth BillboardTests */,
			);
		};
/* End PBXProject section */

/* Begin PBXResourcesBuildPhase section */
		14B60A9D1AC38A2C0081D55A /* Resources */ = {
			isa = PBXResourcesBuildPhase;
			buildActionMask = 2147483647;
			files = (
				144FB0781AC878A4004008E0 /* Images-2.xcassets in Resources */,
				14C0793D1AC7345700D32B76 /* sns-2010-03-31.json in Resources */,
				14C079341AC7345700D32B76 /* dynamodb-2012-08-10.json in Resources */,
				14C079391AC7345700D32B76 /* mobileanalytics-2014-06-30.json in Resources */,
				14C0793A1AC7345700D32B76 /* monitoring-2010-08-01.json in Resources */,
				14A6AF5D1ACF1F6900EB4486 /* Main.storyboard in Resources */,
				14C0793E1AC7345700D32B76 /* sqs-2012-11-05.json in Resources */,
				14C0793F1AC7345700D32B76 /* sts-2011-06-15.json in Resources */,
				14C079311AC7345700D32B76 /* autoscaling-2011-01-01.json in Resources */,
				14A6AF5C1ACF1F6900EB4486 /* LaunchScreen.xib in Resources */,
				14C079361AC7345700D32B76 /* elasticloadbalancing-2012-06-01.json in Resources */,
				14C079331AC7345700D32B76 /* css-2014-06-30.json in Resources */,
				14C0793B1AC7345700D32B76 /* s3-2006-03-01.json in Resources */,
				14C079371AC7345700D32B76 /* email-2010-12-01.json in Resources */,
				14C079321AC7345700D32B76 /* cognito-identity-2014-06-30.json in Resources */,
				14C079381AC7345700D32B76 /* kinesis-2013-12-02.json in Resources */,
				14C0793C1AC7345700D32B76 /* sdb-2009-04-15.json in Resources */,
				14C079351AC7345700D32B76 /* ec2-2014-09-01.json in Resources */,
			);
			runOnlyForDeploymentPostprocessing = 0;
		};
		14B60ABC1AC38A2C0081D55A /* Resources */ = {
			isa = PBXResourcesBuildPhase;
			buildActionMask = 2147483647;
			files = (
			);
			runOnlyForDeploymentPostprocessing = 0;
		};
/* End PBXResourcesBuildPhase section */

/* Begin PBXSourcesBuildPhase section */
		14B60A9B1AC38A2C0081D55A /* Sources */ = {
			isa = PBXSourcesBuildPhase;
			buildActionMask = 2147483647;
			files = (
				14A6AF781ACF2DD200EB4486 /* Board.m in Sources */,
				1418FB6A1AD1CABB00EFA727 /* ModeratorLoginScreen.m in Sources */,
				14A6AF661ACF26AB00EB4486 /* PostScreen.m in Sources */,
				14B60AAE1AC38A2C0081D55A /* DataViewController.m in Sources */,
				14A6AF751ACF2A3800EB4486 /* SearchScreen.m in Sources */,
				14A6AF621ACF241300EB4486 /* HomeScreen.m in Sources */,
				14287B001AC483D3007FC7B1 /* Post.m in Sources */,
				14A6AF6C1ACF295200EB4486 /* ViewPostScreen.m in Sources */,
				14B60AA81AC38A2C0081D55A /* AppDelegate.m in Sources */,
				1418FB6D1AD1CDE000EFA727 /* ViewBoardListScreen.m in Sources */,
				14A6AF691ACF291100EB4486 /* ViewPostListScreen.m in Sources */,
				14B60AB11AC38A2C0081D55A /* ModelController.m in Sources */,
				14A6AF721ACF29C900EB4486 /* SavedBoardsListScreen.m in Sources */,
				14B60AA51AC38A2C0081D55A /* main.m in Sources */,
				1418FB641AD1C6BF00EFA727 /* ViewQueueListScreen.m in Sources */,
				14B60AAB1AC38A2C0081D55A /* RootViewController.m in Sources */,
				14A6AF6F1ACF299800EB4486 /* SavedPostsListScreen.m in Sources */,
				14E379C91AD07A4800929A6F /* PreviewPostScreen.m in Sources */,
				1418FB671AD1C87300EFA727 /* ViewQueueScreen.m in Sources */,
			);
			runOnlyForDeploymentPostprocessing = 0;
		};
		14B60ABA1AC38A2C0081D55A /* Sources */ = {
			isa = PBXSourcesBuildPhase;
			buildActionMask = 2147483647;
			files = (
				14B60AC51AC38A2C0081D55A /* Bluetooth_BillboardTests.m in Sources */,
			);
			runOnlyForDeploymentPostprocessing = 0;
		};
/* End PBXSourcesBuildPhase section */

/* Begin PBXTargetDependency section */
		14B60AC01AC38A2C0081D55A /* PBXTargetDependency */ = {
			isa = PBXTargetDependency;
			target = 14B60A9E1AC38A2C0081D55A /* Bluetooth Billboard */;
			targetProxy = 14B60ABF1AC38A2C0081D55A /* PBXContainerItemProxy */;
		};
/* End PBXTargetDependency section */

/* Begin XCBuildConfiguration section */
		14B60AC61AC38A2C0081D55A /* Debug */ = {
			isa = XCBuildConfiguration;
			buildSettings = {
				ALWAYS_SEARCH_USER_PATHS = NO;
				CLANG_CXX_LANGUAGE_STANDARD = "gnu++0x";
				CLANG_CXX_LIBRARY = "libc++";
				CLANG_ENABLE_MODULES = YES;
				CLANG_ENABLE_OBJC_ARC = YES;
				CLANG_WARN_BOOL_CONVERSION = YES;
				CLANG_WARN_CONSTANT_CONVERSION = YES;
				CLANG_WARN_DIRECT_OBJC_ISA_USAGE = YES_ERROR;
				CLANG_WARN_EMPTY_BODY = YES;
				CLANG_WARN_ENUM_CONVERSION = YES;
				CLANG_WARN_INT_CONVERSION = YES;
				CLANG_WARN_OBJC_ROOT_CLASS = YES_ERROR;
				CLANG_WARN_UNREACHABLE_CODE = YES;
				CLANG_WARN__DUPLICATE_METHOD_MATCH = YES;
				"CODE_SIGN_IDENTITY[sdk=iphoneos*]" = "iPhone Developer";
				COPY_PHASE_STRIP = NO;
				ENABLE_STRICT_OBJC_MSGSEND = YES;
				GCC_C_LANGUAGE_STANDARD = gnu99;
				GCC_DYNAMIC_NO_PIC = NO;
				GCC_OPTIMIZATION_LEVEL = 0;
				GCC_PREPROCESSOR_DEFINITIONS = (
					"DEBUG=1",
					"$(inherited)",
				);
				GCC_SYMBOLS_PRIVATE_EXTERN = NO;
				GCC_WARN_64_TO_32_BIT_CONVERSION = YES;
				GCC_WARN_ABOUT_RETURN_TYPE = YES_ERROR;
				GCC_WARN_UNDECLARED_SELECTOR = YES;
				GCC_WARN_UNINITIALIZED_AUTOS = YES_AGGRESSIVE;
				GCC_WARN_UNUSED_FUNCTION = YES;
				GCC_WARN_UNUSED_VARIABLE = YES;
				IPHONEOS_DEPLOYMENT_TARGET = 8.2;
				MTL_ENABLE_DEBUG_INFO = YES;
				ONLY_ACTIVE_ARCH = YES;
				SDKROOT = iphoneos;
				TARGETED_DEVICE_FAMILY = "1,2";
			};
			name = Debug;
		};
		14B60AC71AC38A2C0081D55A /* Release */ = {
			isa = XCBuildConfiguration;
			buildSettings = {
				ALWAYS_SEARCH_USER_PATHS = NO;
				CLANG_CXX_LANGUAGE_STANDARD = "gnu++0x";
				CLANG_CXX_LIBRARY = "libc++";
				CLANG_ENABLE_MODULES = YES;
				CLANG_ENABLE_OBJC_ARC = YES;
				CLANG_WARN_BOOL_CONVERSION = YES;
				CLANG_WARN_CONSTANT_CONVERSION = YES;
				CLANG_WARN_DIRECT_OBJC_ISA_USAGE = YES_ERROR;
				CLANG_WARN_EMPTY_BODY = YES;
				CLANG_WARN_ENUM_CONVERSION = YES;
				CLANG_WARN_INT_CONVERSION = YES;
				CLANG_WARN_OBJC_ROOT_CLASS = YES_ERROR;
				CLANG_WARN_UNREACHABLE_CODE = YES;
				CLANG_WARN__DUPLICATE_METHOD_MATCH = YES;
				"CODE_SIGN_IDENTITY[sdk=iphoneos*]" = "iPhone Developer";
				COPY_PHASE_STRIP = NO;
				ENABLE_NS_ASSERTIONS = NO;
				ENABLE_STRICT_OBJC_MSGSEND = YES;
				GCC_C_LANGUAGE_STANDARD = gnu99;
				GCC_WARN_64_TO_32_BIT_CONVERSION = YES;
				GCC_WARN_ABOUT_RETURN_TYPE = YES_ERROR;
				GCC_WARN_UNDECLARED_SELECTOR = YES;
				GCC_WARN_UNINITIALIZED_AUTOS = YES_AGGRESSIVE;
				GCC_WARN_UNUSED_FUNCTION = YES;
				GCC_WARN_UNUSED_VARIABLE = YES;
				IPHONEOS_DEPLOYMENT_TARGET = 8.2;
				MTL_ENABLE_DEBUG_INFO = NO;
				SDKROOT = iphoneos;
				TARGETED_DEVICE_FAMILY = "1,2";
				VALIDATE_PRODUCT = YES;
			};
			name = Release;
		};
		14B60AC91AC38A2C0081D55A /* Debug */ = {
			isa = XCBuildConfiguration;
			buildSettings = {
				ALWAYS_SEARCH_USER_PATHS = NO;
				ASSETCATALOG_COMPILER_APPICON_NAME = AppIcon;
				FRAMEWORK_SEARCH_PATHS = (
					"$(inherited)",
					"/Users/Eric_Anderson/Downloads/aws-ios-sdk-2.1.0/frameworks",
					"/Users/Eric_Anderson/Downloads/aws-ios-sdk-2.1.0/third-party",
					"/Users/Eric_Anderson/Downloads/aws-ios-sdk-2.1.0/frameworks/extras",
				);
				GCC_PREFIX_HEADER = "";
				HEADER_SEARCH_PATHS = (
					"$(inherited)",
					/Applications/Xcode.app/Contents/Developer/Toolchains/XcodeDefault.xctoolchain/usr/include,
				);
				INFOPLIST_FILE = "Bluetooth Billboard/Info.plist";
				LD_RUNPATH_SEARCH_PATHS = "$(inherited) @executable_path/Frameworks";
				LIBRARY_SEARCH_PATHS = (
					"$(PROJECTDIR)",
					"$(PROJECT_DIR)",
				);
				OTHER_LDFLAGS = "-lz";
				PRODUCT_NAME = "$(TARGET_NAME)";
			};
			name = Debug;
		};
		14B60ACA1AC38A2C0081D55A /* Release */ = {
			isa = XCBuildConfiguration;
			buildSettings = {
				ALWAYS_SEARCH_USER_PATHS = NO;
				ASSETCATALOG_COMPILER_APPICON_NAME = AppIcon;
				FRAMEWORK_SEARCH_PATHS = (
					"$(inherited)",
					"/Users/Eric_Anderson/Downloads/aws-ios-sdk-2.1.0/frameworks",
					"/Users/Eric_Anderson/Downloads/aws-ios-sdk-2.1.0/third-party",
					"/Users/Eric_Anderson/Downloads/aws-ios-sdk-2.1.0/frameworks/extras",
				);
				GCC_PREFIX_HEADER = "";
				HEADER_SEARCH_PATHS = (
					"$(inherited)",
					/Applications/Xcode.app/Contents/Developer/Toolchains/XcodeDefault.xctoolchain/usr/include,
				);
				INFOPLIST_FILE = "Bluetooth Billboard/Info.plist";
				LD_RUNPATH_SEARCH_PATHS = "$(inherited) @executable_path/Frameworks";
				LIBRARY_SEARCH_PATHS = (
					"$(PROJECTDIR)",
					"$(PROJECT_DIR)",
				);
				OTHER_LDFLAGS = "-lz";
				PRODUCT_NAME = "$(TARGET_NAME)";
			};
			name = Release;
		};
		14B60ACC1AC38A2C0081D55A /* Debug */ = {
			isa = XCBuildConfiguration;
			buildSettings = {
				BUNDLE_LOADER = "$(TEST_HOST)";
				FRAMEWORK_SEARCH_PATHS = (
					"$(SDKROOT)/Developer/Library/Frameworks",
					"$(inherited)",
				);
				GCC_PREPROCESSOR_DEFINITIONS = (
					"DEBUG=1",
					"$(inherited)",
				);
				INFOPLIST_FILE = "Bluetooth BillboardTests/Info.plist";
				LD_RUNPATH_SEARCH_PATHS = "$(inherited) @executable_path/Frameworks @loader_path/Frameworks";
				PRODUCT_NAME = "$(TARGET_NAME)";
				TEST_HOST = "$(BUILT_PRODUCTS_DIR)/Bluetooth Billboard.app/Bluetooth Billboard";
			};
			name = Debug;
		};
		14B60ACD1AC38A2C0081D55A /* Release */ = {
			isa = XCBuildConfiguration;
			buildSettings = {
				BUNDLE_LOADER = "$(TEST_HOST)";
				FRAMEWORK_SEARCH_PATHS = (
					"$(SDKROOT)/Developer/Library/Frameworks",
					"$(inherited)",
				);
				INFOPLIST_FILE = "Bluetooth BillboardTests/Info.plist";
				LD_RUNPATH_SEARCH_PATHS = "$(inherited) @executable_path/Frameworks @loader_path/Frameworks";
				PRODUCT_NAME = "$(TARGET_NAME)";
				TEST_HOST = "$(BUILT_PRODUCTS_DIR)/Bluetooth Billboard.app/Bluetooth Billboard";
			};
			name = Release;
		};
/* End XCBuildConfiguration section */

/* Begin XCConfigurationList section */
		14B60A9A1AC38A2C0081D55A /* Build configuration list for PBXProject "Bluetooth Billboard" */ = {
			isa = XCConfigurationList;
			buildConfigurations = (
				14B60AC61AC38A2C0081D55A /* Debug */,
				14B60AC71AC38A2C0081D55A /* Release */,
			);
			defaultConfigurationIsVisible = 0;
			defaultConfigurationName = Release;
		};
		14B60AC81AC38A2C0081D55A /* Build configuration list for PBXNativeTarget "Bluetooth Billboard" */ = {
			isa = XCConfigurationList;
			buildConfigurations = (
				14B60AC91AC38A2C0081D55A /* Debug */,
				14B60ACA1AC38A2C0081D55A /* Release */,
			);
			defaultConfigurationIsVisible = 0;
			defaultConfigurationName = Release;
		};
		14B60ACB1AC38A2C0081D55A /* Build configuration list for PBXNativeTarget "Bluetooth BillboardTests" */ = {
			isa = XCConfigurationList;
			buildConfigurations = (
				14B60ACC1AC38A2C0081D55A /* Debug */,
				14B60ACD1AC38A2C0081D55A /* Release */,
			);
			defaultConfigurationIsVisible = 0;
			defaultConfigurationName = Release;
		};
/* End XCConfigurationList section */
	};
	rootObject = 14B60A971AC38A2C0081D55A /* Project object */;
}
