// !$*UTF8*$!
{
	archiveVersion = 1;
	classes = {
	};
	objectVersion = 46;
	objects = {

/* Begin PBXBuildFile section */
		1418FB641AD1C6BF00EFA727 /* ViewQueueListScreen.m in Sources */ = {isa = PBXBuildFile; fileRef = 1418FB631AD1C6BF00EFA727 /* ViewQueueListScreen.m */; };
		1418FB671AD1C87300EFA727 /* ViewQueueScreen.m in Sources */ = {isa = PBXBuildFile; fileRef = 1418FB661AD1C87300EFA727 /* ViewQueueScreen.m */; };
		1418FB6A1AD1CABB00EFA727 /* ModeratorLoginScreen.m in Sources */ = {isa = PBXBuildFile; fileRef = 1418FB691AD1CABB00EFA727 /* ModeratorLoginScreen.m */; };
		1418FB6D1AD1CDE000EFA727 /* ViewBoardListScreen.m in Sources */ = {isa = PBXBuildFile; fileRef = 1418FB6C1AD1CDE000EFA727 /* ViewBoardListScreen.m */; };
		14287B001AC483D3007FC7B1 /* Post.m in Sources */ = {isa = PBXBuildFile; fileRef = 14287AFF1AC483D3007FC7B1 /* Post.m */; };
		14406EE81AEC57FB00DC5BD3 /* CoreData.framework in Frameworks */ = {isa = PBXBuildFile; fileRef = 14406EE71AEC57FB00DC5BD3 /* CoreData.framework */; };
		14406EEB1AEC5A6800DC5BD3 /* BTB.xcdatamodeld in Sources */ = {isa = PBXBuildFile; fileRef = 14406EE91AEC5A6800DC5BD3 /* BTB.xcdatamodeld */; };
		144237581ADD894F0081162C /* ViewSavedPostScreen.m in Sources */ = {isa = PBXBuildFile; fileRef = 144237571ADD894F0081162C /* ViewSavedPostScreen.m */; };
		144F40371AE9552600DBB35D /* AWSAutoScaling.framework in Frameworks */ = {isa = PBXBuildFile; fileRef = 144F40221AE9552600DBB35D /* AWSAutoScaling.framework */; };
		144F40381AE9552600DBB35D /* AWSCloudWatch.framework in Frameworks */ = {isa = PBXBuildFile; fileRef = 144F40231AE9552600DBB35D /* AWSCloudWatch.framework */; };
		144F40391AE9552600DBB35D /* AWSCognito.framework in Frameworks */ = {isa = PBXBuildFile; fileRef = 144F40241AE9552600DBB35D /* AWSCognito.framework */; };
		144F403A1AE9552600DBB35D /* AWSCore.framework in Frameworks */ = {isa = PBXBuildFile; fileRef = 144F40251AE9552600DBB35D /* AWSCore.framework */; };
		144F403B1AE9552600DBB35D /* AWSDynamoDB.framework in Frameworks */ = {isa = PBXBuildFile; fileRef = 144F40261AE9552600DBB35D /* AWSDynamoDB.framework */; };
		144F403C1AE9552600DBB35D /* AWSEC2.framework in Frameworks */ = {isa = PBXBuildFile; fileRef = 144F40271AE9552600DBB35D /* AWSEC2.framework */; };
		144F403D1AE9552600DBB35D /* AWSElasticLoadBalancing.framework in Frameworks */ = {isa = PBXBuildFile; fileRef = 144F40281AE9552600DBB35D /* AWSElasticLoadBalancing.framework */; };
		144F403E1AE9552600DBB35D /* AWSKinesis.framework in Frameworks */ = {isa = PBXBuildFile; fileRef = 144F40291AE9552600DBB35D /* AWSKinesis.framework */; };
		144F403F1AE9552600DBB35D /* AWSS3.framework in Frameworks */ = {isa = PBXBuildFile; fileRef = 144F402A1AE9552600DBB35D /* AWSS3.framework */; };
		144F40401AE9552600DBB35D /* AWSSES.framework in Frameworks */ = {isa = PBXBuildFile; fileRef = 144F402B1AE9552600DBB35D /* AWSSES.framework */; };
		144F40411AE9552600DBB35D /* AWSSimpleDB.framework in Frameworks */ = {isa = PBXBuildFile; fileRef = 144F402C1AE9552600DBB35D /* AWSSimpleDB.framework */; };
		144F40421AE9552600DBB35D /* AWSSNS.framework in Frameworks */ = {isa = PBXBuildFile; fileRef = 144F402D1AE9552600DBB35D /* AWSSNS.framework */; };
		144F40431AE9552600DBB35D /* AWSSQS.framework in Frameworks */ = {isa = PBXBuildFile; fileRef = 144F402E1AE9552600DBB35D /* AWSSQS.framework */; };
		144F40441AE9552600DBB35D /* Bolts.framework in Frameworks */ = {isa = PBXBuildFile; fileRef = 144F402F1AE9552600DBB35D /* Bolts.framework */; };
		144F40451AE9552600DBB35D /* FMDB.framework in Frameworks */ = {isa = PBXBuildFile; fileRef = 144F40301AE9552600DBB35D /* FMDB.framework */; };
		144F40461AE9552600DBB35D /* GZIP.framework in Frameworks */ = {isa = PBXBuildFile; fileRef = 144F40311AE9552600DBB35D /* GZIP.framework */; };
		144F40471AE9552600DBB35D /* Mantle.framework in Frameworks */ = {isa = PBXBuildFile; fileRef = 144F40321AE9552600DBB35D /* Mantle.framework */; };
		144F40481AE9552600DBB35D /* Reachability.framework in Frameworks */ = {isa = PBXBuildFile; fileRef = 144F40331AE9552600DBB35D /* Reachability.framework */; };
		144F40491AE9552600DBB35D /* TMCache.framework in Frameworks */ = {isa = PBXBuildFile; fileRef = 144F40341AE9552600DBB35D /* TMCache.framework */; };
		144F404A1AE9552600DBB35D /* UICKeyChainStore.framework in Frameworks */ = {isa = PBXBuildFile; fileRef = 144F40351AE9552600DBB35D /* UICKeyChainStore.framework */; };
		144F404B1AE9552600DBB35D /* XMLDictionary.framework in Frameworks */ = {isa = PBXBuildFile; fileRef = 144F40361AE9552600DBB35D /* XMLDictionary.framework */; };
		144F404E1AE955C800DBB35D /* PhoneNumber.m in Sources */ = {isa = PBXBuildFile; fileRef = 144F404D1AE955C800DBB35D /* PhoneNumber.m */; };
		144F40511AE96A7C00DBB35D /* DynamoInterface.m in Sources */ = {isa = PBXBuildFile; fileRef = 144F40501AE96A7C00DBB35D /* DynamoInterface.m */; };
		144F40541AE97DEE00DBB35D /* DynamoInformation.m in Sources */ = {isa = PBXBuildFile; fileRef = 144F40531AE97DEE00DBB35D /* DynamoInformation.m */; };
		144FB0781AC878A4004008E0 /* Images-2.xcassets in Resources */ = {isa = PBXBuildFile; fileRef = 144FB0771AC878A4004008E0 /* Images-2.xcassets */; };
		1454E5AD1AF2CF68005EB994 /* Moderator.m in Sources */ = {isa = PBXBuildFile; fileRef = 1454E5AC1AF2CF68005EB994 /* Moderator.m */; };
		1463FBAA1AC7ACA40029E340 /* CoreBluetooth.framework in Frameworks */ = {isa = PBXBuildFile; fileRef = 1463FBA91AC7ACA40029E340 /* CoreBluetooth.framework */; };
		14A6AF5C1ACF1F6900EB4486 /* LaunchScreen.xib in Resources */ = {isa = PBXBuildFile; fileRef = 14A6AF5A1ACF1F6900EB4486 /* LaunchScreen.xib */; };
		14A6AF5D1ACF1F6900EB4486 /* Main.storyboard in Resources */ = {isa = PBXBuildFile; fileRef = 14A6AF5B1ACF1F6900EB4486 /* Main.storyboard */; };
		14A6AF621ACF241300EB4486 /* HomeScreen.m in Sources */ = {isa = PBXBuildFile; fileRef = 14A6AF601ACF241300EB4486 /* HomeScreen.m */; };
		14A6AF661ACF26AB00EB4486 /* PostScreen.m in Sources */ = {isa = PBXBuildFile; fileRef = 14A6AF651ACF26AB00EB4486 /* PostScreen.m */; };
		14A6AF691ACF291100EB4486 /* ViewPostListScreen.m in Sources */ = {isa = PBXBuildFile; fileRef = 14A6AF681ACF291100EB4486 /* ViewPostListScreen.m */; };
		14A6AF6C1ACF295200EB4486 /* ViewPostScreen.m in Sources */ = {isa = PBXBuildFile; fileRef = 14A6AF6B1ACF295200EB4486 /* ViewPostScreen.m */; };
		14A6AF6F1ACF299800EB4486 /* SavedPostsListScreen.m in Sources */ = {isa = PBXBuildFile; fileRef = 14A6AF6E1ACF299800EB4486 /* SavedPostsListScreen.m */; };
		14A6AF721ACF29C900EB4486 /* SavedBoardsListScreen.m in Sources */ = {isa = PBXBuildFile; fileRef = 14A6AF711ACF29C900EB4486 /* SavedBoardsListScreen.m */; };
		14A6AF751ACF2A3800EB4486 /* SearchScreen.m in Sources */ = {isa = PBXBuildFile; fileRef = 14A6AF741ACF2A3800EB4486 /* SearchScreen.m */; };
		14A6AF781ACF2DD200EB4486 /* Board.m in Sources */ = {isa = PBXBuildFile; fileRef = 14A6AF771ACF2DD200EB4486 /* Board.m */; };
		14B60AA51AC38A2C0081D55A /* main.m in Sources */ = {isa = PBXBuildFile; fileRef = 14B60AA41AC38A2C0081D55A /* main.m */; };
		14B60AA81AC38A2C0081D55A /* AppDelegate.m in Sources */ = {isa = PBXBuildFile; fileRef = 14B60AA71AC38A2C0081D55A /* AppDelegate.m */; };
		14B60AAB1AC38A2C0081D55A /* RootViewController.m in Sources */ = {isa = PBXBuildFile; fileRef = 14B60AAA1AC38A2C0081D55A /* RootViewController.m */; };
		14B60AB11AC38A2C0081D55A /* ModelController.m in Sources */ = {isa = PBXBuildFile; fileRef = 14B60AB01AC38A2C0081D55A /* ModelController.m */; };
		14C079311AC7345700D32B76 /* autoscaling-2011-01-01.json in Resources */ = {isa = PBXBuildFile; fileRef = 14C079221AC7345700D32B76 /* autoscaling-2011-01-01.json */; };
		14C079321AC7345700D32B76 /* cognito-identity-2014-06-30.json in Resources */ = {isa = PBXBuildFile; fileRef = 14C079231AC7345700D32B76 /* cognito-identity-2014-06-30.json */; };
		14C079331AC7345700D32B76 /* css-2014-06-30.json in Resources */ = {isa = PBXBuildFile; fileRef = 14C079241AC7345700D32B76 /* css-2014-06-30.json */; };
		14C079341AC7345700D32B76 /* dynamodb-2012-08-10.json in Resources */ = {isa = PBXBuildFile; fileRef = 14C079251AC7345700D32B76 /* dynamodb-2012-08-10.json */; };
		14C079351AC7345700D32B76 /* ec2-2014-09-01.json in Resources */ = {isa = PBXBuildFile; fileRef = 14C079261AC7345700D32B76 /* ec2-2014-09-01.json */; };
		14C079361AC7345700D32B76 /* elasticloadbalancing-2012-06-01.json in Resources */ = {isa = PBXBuildFile; fileRef = 14C079271AC7345700D32B76 /* elasticloadbalancing-2012-06-01.json */; };
		14C079371AC7345700D32B76 /* email-2010-12-01.json in Resources */ = {isa = PBXBuildFile; fileRef = 14C079281AC7345700D32B76 /* email-2010-12-01.json */; };
		14C079381AC7345700D32B76 /* kinesis-2013-12-02.json in Resources */ = {isa = PBXBuildFile; fileRef = 14C079291AC7345700D32B76 /* kinesis-2013-12-02.json */; };
		14C079391AC7345700D32B76 /* mobileanalytics-2014-06-30.json in Resources */ = {isa = PBXBuildFile; fileRef = 14C0792A1AC7345700D32B76 /* mobileanalytics-2014-06-30.json */; };
		14C0793A1AC7345700D32B76 /* monitoring-2010-08-01.json in Resources */ = {isa = PBXBuildFile; fileRef = 14C0792B1AC7345700D32B76 /* monitoring-2010-08-01.json */; };
		14C0793B1AC7345700D32B76 /* s3-2006-03-01.json in Resources */ = {isa = PBXBuildFile; fileRef = 14C0792C1AC7345700D32B76 /* s3-2006-03-01.json */; };
		14C0793C1AC7345700D32B76 /* sdb-2009-04-15.json in Resources */ = {isa = PBXBuildFile; fileRef = 14C0792D1AC7345700D32B76 /* sdb-2009-04-15.json */; };
		14C0793D1AC7345700D32B76 /* sns-2010-03-31.json in Resources */ = {isa = PBXBuildFile; fileRef = 14C0792E1AC7345700D32B76 /* sns-2010-03-31.json */; };
		14C0793E1AC7345700D32B76 /* sqs-2012-11-05.json in Resources */ = {isa = PBXBuildFile; fileRef = 14C0792F1AC7345700D32B76 /* sqs-2012-11-05.json */; };
		14C0793F1AC7345700D32B76 /* sts-2011-06-15.json in Resources */ = {isa = PBXBuildFile; fileRef = 14C079301AC7345700D32B76 /* sts-2011-06-15.json */; };
		14D8D2811AF53AB900D240A7 /* MessageUI.framework in Frameworks */ = {isa = PBXBuildFile; fileRef = 14D8D2801AF53AB900D240A7 /* MessageUI.framework */; };
		14E379C91AD07A4800929A6F /* PreviewPostScreen.m in Sources */ = {isa = PBXBuildFile; fileRef = 14E379C81AD07A4800929A6F /* PreviewPostScreen.m */; };
/* End PBXBuildFile section */

/* Begin PBXFileReference section */
		1418FB621AD1C6BF00EFA727 /* ViewQueueListScreen.h */ = {isa = PBXFileReference; fileEncoding = 4; lastKnownFileType = sourcecode.c.h; path = ViewQueueListScreen.h; sourceTree = "<group>"; };
		1418FB631AD1C6BF00EFA727 /* ViewQueueListScreen.m */ = {isa = PBXFileReference; fileEncoding = 4; lastKnownFileType = sourcecode.c.objc; path = ViewQueueListScreen.m; sourceTree = "<group>"; };
		1418FB651AD1C87300EFA727 /* ViewQueueScreen.h */ = {isa = PBXFileReference; fileEncoding = 4; lastKnownFileType = sourcecode.c.h; path = ViewQueueScreen.h; sourceTree = "<group>"; };
		1418FB661AD1C87300EFA727 /* ViewQueueScreen.m */ = {isa = PBXFileReference; fileEncoding = 4; lastKnownFileType = sourcecode.c.objc; path = ViewQueueScreen.m; sourceTree = "<group>"; };
		1418FB681AD1CABB00EFA727 /* ModeratorLoginScreen.h */ = {isa = PBXFileReference; fileEncoding = 4; lastKnownFileType = sourcecode.c.h; path = ModeratorLoginScreen.h; sourceTree = "<group>"; };
		1418FB691AD1CABB00EFA727 /* ModeratorLoginScreen.m */ = {isa = PBXFileReference; fileEncoding = 4; lastKnownFileType = sourcecode.c.objc; path = ModeratorLoginScreen.m; sourceTree = "<group>"; };
		1418FB6B1AD1CDE000EFA727 /* ViewBoardListScreen.h */ = {isa = PBXFileReference; fileEncoding = 4; lastKnownFileType = sourcecode.c.h; path = ViewBoardListScreen.h; sourceTree = "<group>"; };
		1418FB6C1AD1CDE000EFA727 /* ViewBoardListScreen.m */ = {isa = PBXFileReference; fileEncoding = 4; lastKnownFileType = sourcecode.c.objc; path = ViewBoardListScreen.m; sourceTree = "<group>"; };
		14287AFE1AC47E65007FC7B1 /* Post.h */ = {isa = PBXFileReference; lastKnownFileType = sourcecode.c.h; path = Post.h; sourceTree = "<group>"; xcLanguageSpecificationIdentifier = xcode.lang.objc; };
		14287AFF1AC483D3007FC7B1 /* Post.m */ = {isa = PBXFileReference; fileEncoding = 4; lastKnownFileType = sourcecode.c.objc; path = Post.m; sourceTree = "<group>"; };
		14406EE71AEC57FB00DC5BD3 /* CoreData.framework */ = {isa = PBXFileReference; lastKnownFileType = wrapper.framework; name = CoreData.framework; path = System/Library/Frameworks/CoreData.framework; sourceTree = SDKROOT; };
		14406EEA1AEC5A6800DC5BD3 /* BTB.xcdatamodel */ = {isa = PBXFileReference; lastKnownFileType = wrapper.xcdatamodel; path = BTB.xcdatamodel; sourceTree = "<group>"; };
		144237561ADD894F0081162C /* ViewSavedPostScreen.h */ = {isa = PBXFileReference; fileEncoding = 4; lastKnownFileType = sourcecode.c.h; path = ViewSavedPostScreen.h; sourceTree = "<group>"; };
		144237571ADD894F0081162C /* ViewSavedPostScreen.m */ = {isa = PBXFileReference; fileEncoding = 4; lastKnownFileType = sourcecode.c.objc; path = ViewSavedPostScreen.m; sourceTree = "<group>"; };
		144F40221AE9552600DBB35D /* AWSAutoScaling.framework */ = {isa = PBXFileReference; lastKnownFileType = wrapper.framework; name = AWSAutoScaling.framework; path = Libraries/AWSAutoScaling.framework; sourceTree = "<group>"; };
		144F40231AE9552600DBB35D /* AWSCloudWatch.framework */ = {isa = PBXFileReference; lastKnownFileType = wrapper.framework; name = AWSCloudWatch.framework; path = Libraries/AWSCloudWatch.framework; sourceTree = "<group>"; };
		144F40241AE9552600DBB35D /* AWSCognito.framework */ = {isa = PBXFileReference; lastKnownFileType = wrapper.framework; name = AWSCognito.framework; path = Libraries/AWSCognito.framework; sourceTree = "<group>"; };
		144F40251AE9552600DBB35D /* AWSCore.framework */ = {isa = PBXFileReference; lastKnownFileType = wrapper.framework; name = AWSCore.framework; path = Libraries/AWSCore.framework; sourceTree = "<group>"; };
		144F40261AE9552600DBB35D /* AWSDynamoDB.framework */ = {isa = PBXFileReference; lastKnownFileType = wrapper.framework; name = AWSDynamoDB.framework; path = Libraries/AWSDynamoDB.framework; sourceTree = "<group>"; };
		144F40271AE9552600DBB35D /* AWSEC2.framework */ = {isa = PBXFileReference; lastKnownFileType = wrapper.framework; name = AWSEC2.framework; path = Libraries/AWSEC2.framework; sourceTree = "<group>"; };
		144F40281AE9552600DBB35D /* AWSElasticLoadBalancing.framework */ = {isa = PBXFileReference; lastKnownFileType = wrapper.framework; name = AWSElasticLoadBalancing.framework; path = Libraries/AWSElasticLoadBalancing.framework; sourceTree = "<group>"; };
		144F40291AE9552600DBB35D /* AWSKinesis.framework */ = {isa = PBXFileReference; lastKnownFileType = wrapper.framework; name = AWSKinesis.framework; path = Libraries/AWSKinesis.framework; sourceTree = "<group>"; };
		144F402A1AE9552600DBB35D /* AWSS3.framework */ = {isa = PBXFileReference; lastKnownFileType = wrapper.framework; name = AWSS3.framework; path = Libraries/AWSS3.framework; sourceTree = "<group>"; };
		144F402B1AE9552600DBB35D /* AWSSES.framework */ = {isa = PBXFileReference; lastKnownFileType = wrapper.framework; name = AWSSES.framework; path = Libraries/AWSSES.framework; sourceTree = "<group>"; };
		144F402C1AE9552600DBB35D /* AWSSimpleDB.framework */ = {isa = PBXFileReference; lastKnownFileType = wrapper.framework; name = AWSSimpleDB.framework; path = Libraries/AWSSimpleDB.framework; sourceTree = "<group>"; };
		144F402D1AE9552600DBB35D /* AWSSNS.framework */ = {isa = PBXFileReference; lastKnownFileType = wrapper.framework; name = AWSSNS.framework; path = Libraries/AWSSNS.framework; sourceTree = "<group>"; };
		144F402E1AE9552600DBB35D /* AWSSQS.framework */ = {isa = PBXFileReference; lastKnownFileType = wrapper.framework; name = AWSSQS.framework; path = Libraries/AWSSQS.framework; sourceTree = "<group>"; };
		144F402F1AE9552600DBB35D /* Bolts.framework */ = {isa = PBXFileReference; lastKnownFileType = wrapper.framework; name = Bolts.framework; path = Libraries/Bolts.framework; sourceTree = "<group>"; };
		144F40301AE9552600DBB35D /* FMDB.framework */ = {isa = PBXFileReference; lastKnownFileType = wrapper.framework; name = FMDB.framework; path = Libraries/FMDB.framework; sourceTree = "<group>"; };
		144F40311AE9552600DBB35D /* GZIP.framework */ = {isa = PBXFileReference; lastKnownFileType = wrapper.framework; name = GZIP.framework; path = Libraries/GZIP.framework; sourceTree = "<group>"; };
		144F40321AE9552600DBB35D /* Mantle.framework */ = {isa = PBXFileReference; lastKnownFileType = wrapper.framework; name = Mantle.framework; path = Libraries/Mantle.framework; sourceTree = "<group>"; };
		144F40331AE9552600DBB35D /* Reachability.framework */ = {isa = PBXFileReference; lastKnownFileType = wrapper.framework; name = Reachability.framework; path = Libraries/Reachability.framework; sourceTree = "<group>"; };
		144F40341AE9552600DBB35D /* TMCache.framework */ = {isa = PBXFileReference; lastKnownFileType = wrapper.framework; name = TMCache.framework; path = Libraries/TMCache.framework; sourceTree = "<group>"; };
		144F40351AE9552600DBB35D /* UICKeyChainStore.framework */ = {isa = PBXFileReference; lastKnownFileType = wrapper.framework; name = UICKeyChainStore.framework; path = Libraries/UICKeyChainStore.framework; sourceTree = "<group>"; };
		144F40361AE9552600DBB35D /* XMLDictionary.framework */ = {isa = PBXFileReference; lastKnownFileType = wrapper.framework; name = XMLDictionary.framework; path = Libraries/XMLDictionary.framework; sourceTree = "<group>"; };
		144F404C1AE955C800DBB35D /* PhoneNumber.h */ = {isa = PBXFileReference; fileEncoding = 4; lastKnownFileType = sourcecode.c.h; path = PhoneNumber.h; sourceTree = "<group>"; };
		144F404D1AE955C800DBB35D /* PhoneNumber.m */ = {isa = PBXFileReference; fileEncoding = 4; lastKnownFileType = sourcecode.c.objc; path = PhoneNumber.m; sourceTree = "<group>"; };
		144F404F1AE96A7C00DBB35D /* DynamoInterface.h */ = {isa = PBXFileReference; fileEncoding = 4; lastKnownFileType = sourcecode.c.h; path = DynamoInterface.h; sourceTree = "<group>"; };
		144F40501AE96A7C00DBB35D /* DynamoInterface.m */ = {isa = PBXFileReference; fileEncoding = 4; lastKnownFileType = sourcecode.c.objc; path = DynamoInterface.m; sourceTree = "<group>"; };
		144F40521AE97DED00DBB35D /* DynamoInformation.h */ = {isa = PBXFileReference; fileEncoding = 4; lastKnownFileType = sourcecode.c.h; path = DynamoInformation.h; sourceTree = "<group>"; };
		144F40531AE97DEE00DBB35D /* DynamoInformation.m */ = {isa = PBXFileReference; fileEncoding = 4; lastKnownFileType = sourcecode.c.objc; path = DynamoInformation.m; sourceTree = "<group>"; };
		144FB0771AC878A4004008E0 /* Images-2.xcassets */ = {isa = PBXFileReference; lastKnownFileType = folder.assetcatalog; path = "Images-2.xcassets"; sourceTree = "<group>"; };
		1454E5AB1AF2CF68005EB994 /* Moderator.h */ = {isa = PBXFileReference; fileEncoding = 4; lastKnownFileType = sourcecode.c.h; path = Moderator.h; sourceTree = "<group>"; };
		1454E5AC1AF2CF68005EB994 /* Moderator.m */ = {isa = PBXFileReference; fileEncoding = 4; lastKnownFileType = sourcecode.c.objc; path = Moderator.m; sourceTree = "<group>"; };
		1463FBA71AC7A45B0029E340 /* CoreLocation.framework */ = {isa = PBXFileReference; lastKnownFileType = wrapper.framework; name = CoreLocation.framework; path = System/Library/Frameworks/CoreLocation.framework; sourceTree = SDKROOT; };
		1463FBA91AC7ACA40029E340 /* CoreBluetooth.framework */ = {isa = PBXFileReference; lastKnownFileType = wrapper.framework; name = CoreBluetooth.framework; path = System/Library/Frameworks/CoreBluetooth.framework; sourceTree = SDKROOT; };
		14A6AF5A1ACF1F6900EB4486 /* LaunchScreen.xib */ = {isa = PBXFileReference; fileEncoding = 4; lastKnownFileType = file.xib; path = LaunchScreen.xib; sourceTree = "<group>"; };
		14A6AF5B1ACF1F6900EB4486 /* Main.storyboard */ = {isa = PBXFileReference; fileEncoding = 4; lastKnownFileType = file.storyboard; path = Main.storyboard; sourceTree = "<group>"; };
		14A6AF5F1ACF241300EB4486 /* HomeScreen.h */ = {isa = PBXFileReference; fileEncoding = 4; lastKnownFileType = sourcecode.c.h; path = HomeScreen.h; sourceTree = "<group>"; };
		14A6AF601ACF241300EB4486 /* HomeScreen.m */ = {isa = PBXFileReference; fileEncoding = 4; lastKnownFileType = sourcecode.c.objc; path = HomeScreen.m; sourceTree = "<group>"; };
		14A6AF641ACF26AB00EB4486 /* PostScreen.h */ = {isa = PBXFileReference; fileEncoding = 4; lastKnownFileType = sourcecode.c.h; path = PostScreen.h; sourceTree = "<group>"; };
		14A6AF651ACF26AB00EB4486 /* PostScreen.m */ = {isa = PBXFileReference; fileEncoding = 4; lastKnownFileType = sourcecode.c.objc; path = PostScreen.m; sourceTree = "<group>"; };
		14A6AF671ACF291100EB4486 /* ViewPostListScreen.h */ = {isa = PBXFileReference; fileEncoding = 4; lastKnownFileType = sourcecode.c.h; path = ViewPostListScreen.h; sourceTree = "<group>"; };
		14A6AF681ACF291100EB4486 /* ViewPostListScreen.m */ = {isa = PBXFileReference; fileEncoding = 4; lastKnownFileType = sourcecode.c.objc; path = ViewPostListScreen.m; sourceTree = "<group>"; };
		14A6AF6A1ACF295200EB4486 /* ViewPostScreen.h */ = {isa = PBXFileReference; fileEncoding = 4; lastKnownFileType = sourcecode.c.h; path = ViewPostScreen.h; sourceTree = "<group>"; };
		14A6AF6B1ACF295200EB4486 /* ViewPostScreen.m */ = {isa = PBXFileReference; fileEncoding = 4; lastKnownFileType = sourcecode.c.objc; path = ViewPostScreen.m; sourceTree = "<group>"; };
		14A6AF6D1ACF299800EB4486 /* SavedPostsListScreen.h */ = {isa = PBXFileReference; fileEncoding = 4; lastKnownFileType = sourcecode.c.h; path = SavedPostsListScreen.h; sourceTree = "<group>"; };
		14A6AF6E1ACF299800EB4486 /* SavedPostsListScreen.m */ = {isa = PBXFileReference; fileEncoding = 4; lastKnownFileType = sourcecode.c.objc; path = SavedPostsListScreen.m; sourceTree = "<group>"; };
		14A6AF701ACF29C900EB4486 /* SavedBoardsListScreen.h */ = {isa = PBXFileReference; fileEncoding = 4; lastKnownFileType = sourcecode.c.h; path = SavedBoardsListScreen.h; sourceTree = "<group>"; };
		14A6AF711ACF29C900EB4486 /* SavedBoardsListScreen.m */ = {isa = PBXFileReference; fileEncoding = 4; lastKnownFileType = sourcecode.c.objc; path = SavedBoardsListScreen.m; sourceTree = "<group>"; };
		14A6AF731ACF2A3800EB4486 /* SearchScreen.h */ = {isa = PBXFileReference; fileEncoding = 4; lastKnownFileType = sourcecode.c.h; path = SearchScreen.h; sourceTree = "<group>"; };
		14A6AF741ACF2A3800EB4486 /* SearchScreen.m */ = {isa = PBXFileReference; fileEncoding = 4; lastKnownFileType = sourcecode.c.objc; path = SearchScreen.m; sourceTree = "<group>"; };
		14A6AF761ACF2DD200EB4486 /* Board.h */ = {isa = PBXFileReference; fileEncoding = 4; lastKnownFileType = sourcecode.c.h; path = Board.h; sourceTree = "<group>"; };
		14A6AF771ACF2DD200EB4486 /* Board.m */ = {isa = PBXFileReference; fileEncoding = 4; lastKnownFileType = sourcecode.c.objc; path = Board.m; sourceTree = "<group>"; };
		14B60A9F1AC38A2C0081D55A /* Bluetooth Billboard.app */ = {isa = PBXFileReference; explicitFileType = wrapper.application; includeInIndex = 0; path = "Bluetooth Billboard.app"; sourceTree = BUILT_PRODUCTS_DIR; };
		14B60AA31AC38A2C0081D55A /* Info.plist */ = {isa = PBXFileReference; lastKnownFileType = text.plist.xml; path = Info.plist; sourceTree = "<group>"; };
		14B60AA41AC38A2C0081D55A /* main.m */ = {isa = PBXFileReference; lastKnownFileType = sourcecode.c.objc; path = main.m; sourceTree = "<group>"; };
		14B60AA61AC38A2C0081D55A /* AppDelegate.h */ = {isa = PBXFileReference; lastKnownFileType = sourcecode.c.h; path = AppDelegate.h; sourceTree = "<group>"; };
		14B60AA71AC38A2C0081D55A /* AppDelegate.m */ = {isa = PBXFileReference; lastKnownFileType = sourcecode.c.objc; path = AppDelegate.m; sourceTree = "<group>"; };
		14B60AA91AC38A2C0081D55A /* RootViewController.h */ = {isa = PBXFileReference; lastKnownFileType = sourcecode.c.h; path = RootViewController.h; sourceTree = "<group>"; };
		14B60AAA1AC38A2C0081D55A /* RootViewController.m */ = {isa = PBXFileReference; lastKnownFileType = sourcecode.c.objc; path = RootViewController.m; sourceTree = "<group>"; };
		14B60AAF1AC38A2C0081D55A /* ModelController.h */ = {isa = PBXFileReference; lastKnownFileType = sourcecode.c.h; path = ModelController.h; sourceTree = "<group>"; };
		14B60AB01AC38A2C0081D55A /* ModelController.m */ = {isa = PBXFileReference; lastKnownFileType = sourcecode.c.objc; path = ModelController.m; sourceTree = "<group>"; };
		14C079221AC7345700D32B76 /* autoscaling-2011-01-01.json */ = {isa = PBXFileReference; fileEncoding = 4; lastKnownFileType = text.json; path = "autoscaling-2011-01-01.json"; sourceTree = "<group>"; };
		14C079231AC7345700D32B76 /* cognito-identity-2014-06-30.json */ = {isa = PBXFileReference; fileEncoding = 4; lastKnownFileType = text.json; path = "cognito-identity-2014-06-30.json"; sourceTree = "<group>"; };
		14C079241AC7345700D32B76 /* css-2014-06-30.json */ = {isa = PBXFileReference; fileEncoding = 4; lastKnownFileType = text.json; path = "css-2014-06-30.json"; sourceTree = "<group>"; };
		14C079251AC7345700D32B76 /* dynamodb-2012-08-10.json */ = {isa = PBXFileReference; fileEncoding = 4; lastKnownFileType = text.json; path = "dynamodb-2012-08-10.json"; sourceTree = "<group>"; };
		14C079261AC7345700D32B76 /* ec2-2014-09-01.json */ = {isa = PBXFileReference; fileEncoding = 4; lastKnownFileType = text.json; path = "ec2-2014-09-01.json"; sourceTree = "<group>"; };
		14C079271AC7345700D32B76 /* elasticloadbalancing-2012-06-01.json */ = {isa = PBXFileReference; fileEncoding = 4; lastKnownFileType = text.json; path = "elasticloadbalancing-2012-06-01.json"; sourceTree = "<group>"; };
		14C079281AC7345700D32B76 /* email-2010-12-01.json */ = {isa = PBXFileReference; fileEncoding = 4; lastKnownFileType = text.json; path = "email-2010-12-01.json"; sourceTree = "<group>"; };
		14C079291AC7345700D32B76 /* kinesis-2013-12-02.json */ = {isa = PBXFileReference; fileEncoding = 4; lastKnownFileType = text.json; path = "kinesis-2013-12-02.json"; sourceTree = "<group>"; };
		14C0792A1AC7345700D32B76 /* mobileanalytics-2014-06-30.json */ = {isa = PBXFileReference; fileEncoding = 4; lastKnownFileType = text.json; path = "mobileanalytics-2014-06-30.json"; sourceTree = "<group>"; };
		14C0792B1AC7345700D32B76 /* monitoring-2010-08-01.json */ = {isa = PBXFileReference; fileEncoding = 4; lastKnownFileType = text.json; path = "monitoring-2010-08-01.json"; sourceTree = "<group>"; };
		14C0792C1AC7345700D32B76 /* s3-2006-03-01.json */ = {isa = PBXFileReference; fileEncoding = 4; lastKnownFileType = text.json; path = "s3-2006-03-01.json"; sourceTree = "<group>"; };
		14C0792D1AC7345700D32B76 /* sdb-2009-04-15.json */ = {isa = PBXFileReference; fileEncoding = 4; lastKnownFileType = text.json; path = "sdb-2009-04-15.json"; sourceTree = "<group>"; };
		14C0792E1AC7345700D32B76 /* sns-2010-03-31.json */ = {isa = PBXFileReference; fileEncoding = 4; lastKnownFileType = text.json; path = "sns-2010-03-31.json"; sourceTree = "<group>"; };
		14C0792F1AC7345700D32B76 /* sqs-2012-11-05.json */ = {isa = PBXFileReference; fileEncoding = 4; lastKnownFileType = text.json; path = "sqs-2012-11-05.json"; sourceTree = "<group>"; };
		14C079301AC7345700D32B76 /* sts-2011-06-15.json */ = {isa = PBXFileReference; fileEncoding = 4; lastKnownFileType = text.json; path = "sts-2011-06-15.json"; sourceTree = "<group>"; };
		14D8D2801AF53AB900D240A7 /* MessageUI.framework */ = {isa = PBXFileReference; lastKnownFileType = wrapper.framework; name = MessageUI.framework; path = System/Library/Frameworks/MessageUI.framework; sourceTree = SDKROOT; };
		14E379C71AD07A4800929A6F /* PreviewPostScreen.h */ = {isa = PBXFileReference; fileEncoding = 4; lastKnownFileType = sourcecode.c.h; path = PreviewPostScreen.h; sourceTree = "<group>"; };
		14E379C81AD07A4800929A6F /* PreviewPostScreen.m */ = {isa = PBXFileReference; fileEncoding = 4; lastKnownFileType = sourcecode.c.objc; path = PreviewPostScreen.m; sourceTree = "<group>"; };
/* End PBXFileReference section */

/* Begin PBXFrameworksBuildPhase section */
		14B60A9C1AC38A2C0081D55A /* Frameworks */ = {
			isa = PBXFrameworksBuildPhase;
			buildActionMask = 2147483647;
			files = (
				14D8D2811AF53AB900D240A7 /* MessageUI.framework in Frameworks */,
				14406EE81AEC57FB00DC5BD3 /* CoreData.framework in Frameworks */,
				144F40371AE9552600DBB35D /* AWSAutoScaling.framework in Frameworks */,
				144F40381AE9552600DBB35D /* AWSCloudWatch.framework in Frameworks */,
				144F40391AE9552600DBB35D /* AWSCognito.framework in Frameworks */,
				144F403A1AE9552600DBB35D /* AWSCore.framework in Frameworks */,
				144F403B1AE9552600DBB35D /* AWSDynamoDB.framework in Frameworks */,
				144F403C1AE9552600DBB35D /* AWSEC2.framework in Frameworks */,
				144F403D1AE9552600DBB35D /* AWSElasticLoadBalancing.framework in Frameworks */,
				144F403E1AE9552600DBB35D /* AWSKinesis.framework in Frameworks */,
				144F403F1AE9552600DBB35D /* AWSS3.framework in Frameworks */,
				144F40401AE9552600DBB35D /* AWSSES.framework in Frameworks */,
				144F40411AE9552600DBB35D /* AWSSimpleDB.framework in Frameworks */,
				144F40421AE9552600DBB35D /* AWSSNS.framework in Frameworks */,
				144F40431AE9552600DBB35D /* AWSSQS.framework in Frameworks */,
				144F40441AE9552600DBB35D /* Bolts.framework in Frameworks */,
				144F40451AE9552600DBB35D /* FMDB.framework in Frameworks */,
				144F40461AE9552600DBB35D /* GZIP.framework in Frameworks */,
				144F40471AE9552600DBB35D /* Mantle.framework in Frameworks */,
				144F40481AE9552600DBB35D /* Reachability.framework in Frameworks */,
				144F40491AE9552600DBB35D /* TMCache.framework in Frameworks */,
				144F404A1AE9552600DBB35D /* UICKeyChainStore.framework in Frameworks */,
				144F404B1AE9552600DBB35D /* XMLDictionary.framework in Frameworks */,
				1463FBAA1AC7ACA40029E340 /* CoreBluetooth.framework in Frameworks */,
			);
			runOnlyForDeploymentPostprocessing = 0;
		};
/* End PBXFrameworksBuildPhase section */

/* Begin PBXGroup section */
		14B60A961AC38A2C0081D55A = {
			isa = PBXGroup;
			children = (
				14406EE91AEC5A6800DC5BD3 /* BTB.xcdatamodeld */,
				14D8D2AC1AF54AC300D240A7 /* Frameworks */,
				14B60AA11AC38A2C0081D55A /* Bluetooth Billboard */,
				14B60AA01AC38A2C0081D55A /* Products */,
			);
			sourceTree = "<group>";
		};
		14B60AA01AC38A2C0081D55A /* Products */ = {
			isa = PBXGroup;
			children = (
				14B60A9F1AC38A2C0081D55A /* Bluetooth Billboard.app */,
			);
			name = Products;
			sourceTree = "<group>";
		};
		14B60AA11AC38A2C0081D55A /* Bluetooth Billboard */ = {
			isa = PBXGroup;
			children = (
				14A6AF5A1ACF1F6900EB4486 /* LaunchScreen.xib */,
				14A6AF5B1ACF1F6900EB4486 /* Main.storyboard */,
				14D8D2AE1AF54B2900D240A7 /* View Controllers */,
				14D8D28E1AF545E300D240A7 /* Interfaces */,
				14D8D28D1AF545CD00D240A7 /* Data Classes */,
				14D8D2AD1AF54B0100D240A7 /* Other Classes */,
				14D8D2AF1AF54B7100D240A7 /* Application Controllers */,
				14B60AA21AC38A2C0081D55A /* Supporting Files */,
				14D8D28C1AF5459500D240A7 /* JSON Files */,
				144FB0771AC878A4004008E0 /* Images-2.xcassets */,
			);
			path = "Bluetooth Billboard";
			sourceTree = "<group>";
		};
		14B60AA21AC38A2C0081D55A /* Supporting Files */ = {
			isa = PBXGroup;
			children = (
				14B60AA31AC38A2C0081D55A /* Info.plist */,
				14B60AA41AC38A2C0081D55A /* main.m */,
			);
			name = "Supporting Files";
			sourceTree = "<group>";
		};
		14D8D28C1AF5459500D240A7 /* JSON Files */ = {
			isa = PBXGroup;
			children = (
				14C079221AC7345700D32B76 /* autoscaling-2011-01-01.json */,
				14C079231AC7345700D32B76 /* cognito-identity-2014-06-30.json */,
				14C079241AC7345700D32B76 /* css-2014-06-30.json */,
				14C079251AC7345700D32B76 /* dynamodb-2012-08-10.json */,
				14C079261AC7345700D32B76 /* ec2-2014-09-01.json */,
				14C079271AC7345700D32B76 /* elasticloadbalancing-2012-06-01.json */,
				14C079281AC7345700D32B76 /* email-2010-12-01.json */,
				14C079291AC7345700D32B76 /* kinesis-2013-12-02.json */,
				14C0792A1AC7345700D32B76 /* mobileanalytics-2014-06-30.json */,
				14C0792B1AC7345700D32B76 /* monitoring-2010-08-01.json */,
				14C0792C1AC7345700D32B76 /* s3-2006-03-01.json */,
				14C0792D1AC7345700D32B76 /* sdb-2009-04-15.json */,
				14C0792E1AC7345700D32B76 /* sns-2010-03-31.json */,
				14C0792F1AC7345700D32B76 /* sqs-2012-11-05.json */,
				14C079301AC7345700D32B76 /* sts-2011-06-15.json */,
			);
			name = "JSON Files";
			sourceTree = "<group>";
		};
		14D8D28D1AF545CD00D240A7 /* Data Classes */ = {
			isa = PBXGroup;
			children = (
				14A6AF761ACF2DD200EB4486 /* Board.h */,
				14A6AF771ACF2DD200EB4486 /* Board.m */,
				14287AFE1AC47E65007FC7B1 /* Post.h */,
				14287AFF1AC483D3007FC7B1 /* Post.m */,
				1454E5AB1AF2CF68005EB994 /* Moderator.h */,
				1454E5AC1AF2CF68005EB994 /* Moderator.m */,
			);
			name = "Data Classes";
			sourceTree = "<group>";
		};
		14D8D28E1AF545E300D240A7 /* Interfaces */ = {
			isa = PBXGroup;
			children = (
				144F404F1AE96A7C00DBB35D /* DynamoInterface.h */,
				144F40501AE96A7C00DBB35D /* DynamoInterface.m */,
				144F40521AE97DED00DBB35D /* DynamoInformation.h */,
				144F40531AE97DEE00DBB35D /* DynamoInformation.m */,
			);
			name = Interfaces;
			sourceTree = "<group>";
		};
		14D8D2AC1AF54AC300D240A7 /* Frameworks */ = {
			isa = PBXGroup;
			children = (
				14D8D2801AF53AB900D240A7 /* MessageUI.framework */,
				14406EE71AEC57FB00DC5BD3 /* CoreData.framework */,
				144F40221AE9552600DBB35D /* AWSAutoScaling.framework */,
				144F40231AE9552600DBB35D /* AWSCloudWatch.framework */,
				144F40241AE9552600DBB35D /* AWSCognito.framework */,
				144F40251AE9552600DBB35D /* AWSCore.framework */,
				144F40261AE9552600DBB35D /* AWSDynamoDB.framework */,
				144F40271AE9552600DBB35D /* AWSEC2.framework */,
				144F40281AE9552600DBB35D /* AWSElasticLoadBalancing.framework */,
				144F40291AE9552600DBB35D /* AWSKinesis.framework */,
				144F402A1AE9552600DBB35D /* AWSS3.framework */,
				144F402B1AE9552600DBB35D /* AWSSES.framework */,
				144F402C1AE9552600DBB35D /* AWSSimpleDB.framework */,
				144F402D1AE9552600DBB35D /* AWSSNS.framework */,
				144F402E1AE9552600DBB35D /* AWSSQS.framework */,
				144F402F1AE9552600DBB35D /* Bolts.framework */,
				144F40301AE9552600DBB35D /* FMDB.framework */,
				144F40311AE9552600DBB35D /* GZIP.framework */,
				144F40321AE9552600DBB35D /* Mantle.framework */,
				144F40331AE9552600DBB35D /* Reachability.framework */,
				144F40341AE9552600DBB35D /* TMCache.framework */,
				144F40351AE9552600DBB35D /* UICKeyChainStore.framework */,
				144F40361AE9552600DBB35D /* XMLDictionary.framework */,
				1463FBA91AC7ACA40029E340 /* CoreBluetooth.framework */,
				1463FBA71AC7A45B0029E340 /* CoreLocation.framework */,
			);
			name = Frameworks;
			sourceTree = "<group>";
		};
		14D8D2AD1AF54B0100D240A7 /* Other Classes */ = {
			isa = PBXGroup;
			children = (
				144F404C1AE955C800DBB35D /* PhoneNumber.h */,
				144F404D1AE955C800DBB35D /* PhoneNumber.m */,
			);
			name = "Other Classes";
			sourceTree = "<group>";
		};
		14D8D2AE1AF54B2900D240A7 /* View Controllers */ = {
			isa = PBXGroup;
			children = (
				144237561ADD894F0081162C /* ViewSavedPostScreen.h */,
				144237571ADD894F0081162C /* ViewSavedPostScreen.m */,
				1418FB6B1AD1CDE000EFA727 /* ViewBoardListScreen.h */,
				1418FB6C1AD1CDE000EFA727 /* ViewBoardListScreen.m */,
				1418FB681AD1CABB00EFA727 /* ModeratorLoginScreen.h */,
				1418FB691AD1CABB00EFA727 /* ModeratorLoginScreen.m */,
				1418FB651AD1C87300EFA727 /* ViewQueueScreen.h */,
				1418FB661AD1C87300EFA727 /* ViewQueueScreen.m */,
				1418FB621AD1C6BF00EFA727 /* ViewQueueListScreen.h */,
				1418FB631AD1C6BF00EFA727 /* ViewQueueListScreen.m */,
				14E379C71AD07A4800929A6F /* PreviewPostScreen.h */,
				14E379C81AD07A4800929A6F /* PreviewPostScreen.m */,
				14A6AF731ACF2A3800EB4486 /* SearchScreen.h */,
				14A6AF741ACF2A3800EB4486 /* SearchScreen.m */,
				14A6AF701ACF29C900EB4486 /* SavedBoardsListScreen.h */,
				14A6AF711ACF29C900EB4486 /* SavedBoardsListScreen.m */,
				14A6AF6D1ACF299800EB4486 /* SavedPostsListScreen.h */,
				14A6AF6E1ACF299800EB4486 /* SavedPostsListScreen.m */,
				14A6AF6A1ACF295200EB4486 /* ViewPostScreen.h */,
				14A6AF6B1ACF295200EB4486 /* ViewPostScreen.m */,
				14A6AF671ACF291100EB4486 /* ViewPostListScreen.h */,
				14A6AF681ACF291100EB4486 /* ViewPostListScreen.m */,
				14A6AF641ACF26AB00EB4486 /* PostScreen.h */,
				14A6AF651ACF26AB00EB4486 /* PostScreen.m */,
				14A6AF5F1ACF241300EB4486 /* HomeScreen.h */,
				14A6AF601ACF241300EB4486 /* HomeScreen.m */,
			);
			name = "View Controllers";
			sourceTree = "<group>";
		};
		14D8D2AF1AF54B7100D240A7 /* Application Controllers */ = {
			isa = PBXGroup;
			children = (
				14B60AA61AC38A2C0081D55A /* AppDelegate.h */,
				14B60AA71AC38A2C0081D55A /* AppDelegate.m */,
				14B60AA91AC38A2C0081D55A /* RootViewController.h */,
				14B60AAA1AC38A2C0081D55A /* RootViewController.m */,
				14B60AAF1AC38A2C0081D55A /* ModelController.h */,
				14B60AB01AC38A2C0081D55A /* ModelController.m */,
			);
			name = "Application Controllers";
			sourceTree = "<group>";
		};
/* End PBXGroup section */

/* Begin PBXNativeTarget section */
		14B60A9E1AC38A2C0081D55A /* Bluetooth Billboard */ = {
			isa = PBXNativeTarget;
			buildConfigurationList = 14B60AC81AC38A2C0081D55A /* Build configuration list for PBXNativeTarget "Bluetooth Billboard" */;
			buildPhases = (
				14B60A9B1AC38A2C0081D55A /* Sources */,
				14B60A9C1AC38A2C0081D55A /* Frameworks */,
				14B60A9D1AC38A2C0081D55A /* Resources */,
			);
			buildRules = (
			);
			dependencies = (
			);
			name = "Bluetooth Billboard";
			productName = "Bluetooth Billboard";
			productReference = 14B60A9F1AC38A2C0081D55A /* Bluetooth Billboard.app */;
			productType = "com.apple.product-type.application";
		};
/* End PBXNativeTarget section */

/* Begin PBXProject section */
		14B60A971AC38A2C0081D55A /* Project object */ = {
			isa = PBXProject;
			attributes = {
				LastUpgradeCheck = 0620;
				ORGANIZATIONNAME = "Sargon Partners";
				TargetAttributes = {
					14B60A9E1AC38A2C0081D55A = {
						CreatedOnToolsVersion = 6.2;
						DevelopmentTeam = 479E35RDQR;
					};
				};
			};
			buildConfigurationList = 14B60A9A1AC38A2C0081D55A /* Build configuration list for PBXProject "Bluetooth Billboard" */;
			compatibilityVersion = "Xcode 3.2";
			developmentRegion = English;
			hasScannedForEncodings = 0;
			knownRegions = (
				en,
				Base,
			);
			mainGroup = 14B60A961AC38A2C0081D55A;
			productRefGroup = 14B60AA01AC38A2C0081D55A /* Products */;
			projectDirPath = "";
			projectRoot = "";
			targets = (
				14B60A9E1AC38A2C0081D55A /* Bluetooth Billboard */,
			);
		};
/* End PBXProject section */

/* Begin PBXResourcesBuildPhase section */
		14B60A9D1AC38A2C0081D55A /* Resources */ = {
			isa = PBXResourcesBuildPhase;
			buildActionMask = 2147483647;
			files = (
				144FB0781AC878A4004008E0 /* Images-2.xcassets in Resources */,
				14C0793D1AC7345700D32B76 /* sns-2010-03-31.json in Resources */,
				14C079341AC7345700D32B76 /* dynamodb-2012-08-10.json in Resources */,
				14C079391AC7345700D32B76 /* mobileanalytics-2014-06-30.json in Resources */,
				14C0793A1AC7345700D32B76 /* monitoring-2010-08-01.json in Resources */,
				14A6AF5D1ACF1F6900EB4486 /* Main.storyboard in Resources */,
				14C0793E1AC7345700D32B76 /* sqs-2012-11-05.json in Resources */,
				14C0793F1AC7345700D32B76 /* sts-2011-06-15.json in Resources */,
				14C079311AC7345700D32B76 /* autoscaling-2011-01-01.json in Resources */,
				14A6AF5C1ACF1F6900EB4486 /* LaunchScreen.xib in Resources */,
				14C079361AC7345700D32B76 /* elasticloadbalancing-2012-06-01.json in Resources */,
				14C079331AC7345700D32B76 /* css-2014-06-30.json in Resources */,
				14C0793B1AC7345700D32B76 /* s3-2006-03-01.json in Resources */,
				14C079371AC7345700D32B76 /* email-2010-12-01.json in Resources */,
				14C079321AC7345700D32B76 /* cognito-identity-2014-06-30.json in Resources */,
				14C079381AC7345700D32B76 /* kinesis-2013-12-02.json in Resources */,
				14C0793C1AC7345700D32B76 /* sdb-2009-04-15.json in Resources */,
				14C079351AC7345700D32B76 /* ec2-2014-09-01.json in Resources */,
			);
			runOnlyForDeploymentPostprocessing = 0;
		};
/* End PBXResourcesBuildPhase section */

/* Begin PBXSourcesBuildPhase section */
		14B60A9B1AC38A2C0081D55A /* Sources */ = {
			isa = PBXSourcesBuildPhase;
			buildActionMask = 2147483647;
			files = (
				14406EEB1AEC5A6800DC5BD3 /* BTB.xcdatamodeld in Sources */,
				14A6AF781ACF2DD200EB4486 /* Board.m in Sources */,
				144F40511AE96A7C00DBB35D /* DynamoInterface.m in Sources */,
				1454E5AD1AF2CF68005EB994 /* Moderator.m in Sources */,
				1418FB6A1AD1CABB00EFA727 /* ModeratorLoginScreen.m in Sources */,
				14A6AF661ACF26AB00EB4486 /* PostScreen.m in Sources */,
				144237581ADD894F0081162C /* ViewSavedPostScreen.m in Sources */,
				14A6AF751ACF2A3800EB4486 /* SearchScreen.m in Sources */,
				14A6AF621ACF241300EB4486 /* HomeScreen.m in Sources */,
				14287B001AC483D3007FC7B1 /* Post.m in Sources */,
				14A6AF6C1ACF295200EB4486 /* ViewPostScreen.m in Sources */,
				14B60AA81AC38A2C0081D55A /* AppDelegate.m in Sources */,
				144F404E1AE955C800DBB35D /* PhoneNumber.m in Sources */,
				1418FB6D1AD1CDE000EFA727 /* ViewBoardListScreen.m in Sources */,
				14A6AF691ACF291100EB4486 /* ViewPostListScreen.m in Sources */,
				14B60AB11AC38A2C0081D55A /* ModelController.m in Sources */,
				14A6AF721ACF29C900EB4486 /* SavedBoardsListScreen.m in Sources */,
				14B60AA51AC38A2C0081D55A /* main.m in Sources */,
				144F40541AE97DEE00DBB35D /* DynamoInformation.m in Sources */,
				1418FB641AD1C6BF00EFA727 /* ViewQueueListScreen.m in Sources */,
				14B60AAB1AC38A2C0081D55A /* RootViewController.m in Sources */,
				14A6AF6F1ACF299800EB4486 /* SavedPostsListScreen.m in Sources */,
				14E379C91AD07A4800929A6F /* PreviewPostScreen.m in Sources */,
				1418FB671AD1C87300EFA727 /* ViewQueueScreen.m in Sources */,
			);
			runOnlyForDeploymentPostprocessing = 0;
		};
/* End PBXSourcesBuildPhase section */

/* Begin XCBuildConfiguration section */
		14B60AC61AC38A2C0081D55A /* Debug */ = {
			isa = XCBuildConfiguration;
			buildSettings = {
				ALWAYS_SEARCH_USER_PATHS = NO;
				CLANG_CXX_LANGUAGE_STANDARD = "gnu++0x";
				CLANG_CXX_LIBRARY = "libc++";
				CLANG_ENABLE_MODULES = YES;
				CLANG_ENABLE_OBJC_ARC = YES;
				CLANG_WARN_BOOL_CONVERSION = YES;
				CLANG_WARN_CONSTANT_CONVERSION = YES;
				CLANG_WARN_DIRECT_OBJC_ISA_USAGE = YES_ERROR;
				CLANG_WARN_EMPTY_BODY = YES;
				CLANG_WARN_ENUM_CONVERSION = YES;
				CLANG_WARN_INT_CONVERSION = YES;
				CLANG_WARN_OBJC_ROOT_CLASS = YES_ERROR;
				CLANG_WARN_UNREACHABLE_CODE = YES;
				CLANG_WARN__DUPLICATE_METHOD_MATCH = YES;
				"CODE_SIGN_IDENTITY[sdk=iphoneos*]" = "iPhone Developer";
				COPY_PHASE_STRIP = NO;
				ENABLE_STRICT_OBJC_MSGSEND = YES;
				GCC_C_LANGUAGE_STANDARD = gnu99;
				GCC_DYNAMIC_NO_PIC = NO;
				GCC_OPTIMIZATION_LEVEL = 0;
				GCC_PREPROCESSOR_DEFINITIONS = (
					"DEBUG=1",
					"$(inherited)",
				);
				GCC_SYMBOLS_PRIVATE_EXTERN = NO;
				GCC_WARN_64_TO_32_BIT_CONVERSION = YES;
				GCC_WARN_ABOUT_RETURN_TYPE = YES_ERROR;
				GCC_WARN_UNDECLARED_SELECTOR = YES;
				GCC_WARN_UNINITIALIZED_AUTOS = YES_AGGRESSIVE;
				GCC_WARN_UNUSED_FUNCTION = YES;
				GCC_WARN_UNUSED_VARIABLE = YES;
				IPHONEOS_DEPLOYMENT_TARGET = 8.2;
				MTL_ENABLE_DEBUG_INFO = YES;
				ONLY_ACTIVE_ARCH = YES;
				SDKROOT = iphoneos;
				TARGETED_DEVICE_FAMILY = "1,2";
			};
			name = Debug;
		};
		14B60AC71AC38A2C0081D55A /* Release */ = {
			isa = XCBuildConfiguration;
			buildSettings = {
				ALWAYS_SEARCH_USER_PATHS = NO;
				CLANG_CXX_LANGUAGE_STANDARD = "gnu++0x";
				CLANG_CXX_LIBRARY = "libc++";
				CLANG_ENABLE_MODULES = YES;
				CLANG_ENABLE_OBJC_ARC = YES;
				CLANG_WARN_BOOL_CONVERSION = YES;
				CLANG_WARN_CONSTANT_CONVERSION = YES;
				CLANG_WARN_DIRECT_OBJC_ISA_USAGE = YES_ERROR;
				CLANG_WARN_EMPTY_BODY = YES;
				CLANG_WARN_ENUM_CONVERSION = YES;
				CLANG_WARN_INT_CONVERSION = YES;
				CLANG_WARN_OBJC_ROOT_CLASS = YES_ERROR;
				CLANG_WARN_UNREACHABLE_CODE = YES;
				CLANG_WARN__DUPLICATE_METHOD_MATCH = YES;
				"CODE_SIGN_IDENTITY[sdk=iphoneos*]" = "iPhone Developer";
				COPY_PHASE_STRIP = NO;
				ENABLE_NS_ASSERTIONS = NO;
				ENABLE_STRICT_OBJC_MSGSEND = YES;
				GCC_C_LANGUAGE_STANDARD = gnu99;
				GCC_WARN_64_TO_32_BIT_CONVERSION = YES;
				GCC_WARN_ABOUT_RETURN_TYPE = YES_ERROR;
				GCC_WARN_UNDECLARED_SELECTOR = YES;
				GCC_WARN_UNINITIALIZED_AUTOS = YES_AGGRESSIVE;
				GCC_WARN_UNUSED_FUNCTION = YES;
				GCC_WARN_UNUSED_VARIABLE = YES;
				IPHONEOS_DEPLOYMENT_TARGET = 8.2;
				MTL_ENABLE_DEBUG_INFO = NO;
				SDKROOT = iphoneos;
				TARGETED_DEVICE_FAMILY = "1,2";
				VALIDATE_PRODUCT = YES;
			};
			name = Release;
		};
		14B60AC91AC38A2C0081D55A /* Debug */ = {
			isa = XCBuildConfiguration;
			buildSettings = {
				ALWAYS_SEARCH_USER_PATHS = NO;
				ASSETCATALOG_COMPILER_APPICON_NAME = AppIcon;
				ASSETCATALOG_NOTICES = NO;
				ASSETCATALOG_WARNINGS = NO;
				CODE_SIGN_IDENTITY = "iPhone Developer";
				"CODE_SIGN_IDENTITY[sdk=iphoneos*]" = "iPhone Developer";
				FRAMEWORK_SEARCH_PATHS = (
					"$(inherited)",
					"$(PROJECT_DIR)/Libraries",
				);
				GCC_PREFIX_HEADER = "";
				HEADER_SEARCH_PATHS = (
					"$(inherited)",
					/Applications/Xcode.app/Contents/Developer/Toolchains/XcodeDefault.xctoolchain/usr/include,
				);
				INFOPLIST_FILE = "Bluetooth Billboard/Info.plist";
				LD_RUNPATH_SEARCH_PATHS = "$(inherited) @executable_path/Frameworks";
				LIBRARY_SEARCH_PATHS = (
					"$(PROJECTDIR)",
					"$(PROJECT_DIR)",
				);
				OTHER_LDFLAGS = "-lz";
				PRODUCT_NAME = "$(TARGET_NAME)";
				PROVISIONING_PROFILE = "";
			};
			name = Debug;
		};
		14B60ACA1AC38A2C0081D55A /* Release */ = {
			isa = XCBuildConfiguration;
			buildSettings = {
				ALWAYS_SEARCH_USER_PATHS = NO;
				ASSETCATALOG_COMPILER_APPICON_NAME = AppIcon;
				ASSETCATALOG_NOTICES = NO;
				ASSETCATALOG_WARNINGS = NO;
				CODE_SIGN_IDENTITY = "iPhone Developer";
				"CODE_SIGN_IDENTITY[sdk=iphoneos*]" = "iPhone Developer";
				FRAMEWORK_SEARCH_PATHS = (
					"$(inherited)",
					"$(PROJECT_DIR)/Libraries",
				);
				GCC_PREFIX_HEADER = "";
				HEADER_SEARCH_PATHS = (
					"$(inherited)",
					/Applications/Xcode.app/Contents/Developer/Toolchains/XcodeDefault.xctoolchain/usr/include,
				);
				INFOPLIST_FILE = "Bluetooth Billboard/Info.plist";
				LD_RUNPATH_SEARCH_PATHS = "$(inherited) @executable_path/Frameworks";
				LIBRARY_SEARCH_PATHS = (
					"$(PROJECTDIR)",
					"$(PROJECT_DIR)",
				);
				OTHER_LDFLAGS = "-lz";
				PRODUCT_NAME = "$(TARGET_NAME)";
				PROVISIONING_PROFILE = "";
			};
			name = Release;
		};
/* End XCBuildConfiguration section */

/* Begin XCConfigurationList section */
		14B60A9A1AC38A2C0081D55A /* Build configuration list for PBXProject "Bluetooth Billboard" */ = {
			isa = XCConfigurationList;
			buildConfigurations = (
				14B60AC61AC38A2C0081D55A /* Debug */,
				14B60AC71AC38A2C0081D55A /* Release */,
			);
			defaultConfigurationIsVisible = 0;
			defaultConfigurationName = Release;
		};
		14B60AC81AC38A2C0081D55A /* Build configuration list for PBXNativeTarget "Bluetooth Billboard" */ = {
			isa = XCConfigurationList;
			buildConfigurations = (
				14B60AC91AC38A2C0081D55A /* Debug */,
				14B60ACA1AC38A2C0081D55A /* Release */,
			);
			defaultConfigurationIsVisible = 0;
			defaultConfigurationName = Release;
		};
/* End XCConfigurationList section */

/* Begin XCVersionGroup section */
		14406EE91AEC5A6800DC5BD3 /* BTB.xcdatamodeld */ = {
			isa = XCVersionGroup;
			children = (
				14406EEA1AEC5A6800DC5BD3 /* BTB.xcdatamodel */,
			);
			currentVersion = 14406EEA1AEC5A6800DC5BD3 /* BTB.xcdatamodel */;
			path = BTB.xcdatamodeld;
			sourceTree = "<group>";
			versionGroupType = wrapper.xcdatamodel;
		};
/* End XCVersionGroup section */
	};
	rootObject = 14B60A971AC38A2C0081D55A /* Project object */;
}
